PODS:
  - Sourcery (0.17.0)
  - SwiftLint (0.38.0)

DEPENDENCIES:
  - Sourcery
  - SwiftLint

SPEC REPOS:
  trunk:
    - Sourcery
    - SwiftLint

SPEC CHECKSUMS:
  Sourcery: 3ed61be7c8a1218fce349266139379dba477efe0
  SwiftLint: 4105f061f9812b214568b736dab580ab2c73a582

PODFILE CHECKSUM: 283df8cc76a75049b8591ce18973cbbbe2b7a0a3

COCOAPODS: 1.8.4
