PODS:
  - Sourcery (0.17.0)
  - SwiftLint (0.38.0)

DEPENDENCIES:
  - Sourcery
  - SwiftLint

SPEC REPOS:
  trunk:
    - Sourcery
    - SwiftLint

SPEC CHECKSUMS:
  Sourcery: 3ed61be7c8a1218fce349266139379dba477efe0
  SwiftLint: 4105f061f9812b214568b736dab580ab2c73a582

PODFILE CHECKSUM: f6f64f7d302d74455550efa0f5b711152394c8a5

COCOAPODS: 1.8.4
