// !$*UTF8*$!
{
	archiveVersion = 1;
	classes = {
	};
	objectVersion = 51;
	objects = {

/* Begin PBXBuildFile section */
		02CDEA5B2E30AAC919B4FCAB /* LionECS.framework in Embed Frameworks */ = {isa = PBXBuildFile; fileRef = 5960CC6B177C4A44ED7FAEFF /* LionECS.framework */; settings = {ATTRIBUTES = (CodeSignOnCopy, RemoveHeadersOnCopy, ); }; };
		06E37D5CC752ECEFFC5AA196 /* DeadComponent.swift in Sources */ = {isa = PBXBuildFile; fileRef = 9B7C13446133AC091EA9B4C3 /* DeadComponent.swift */; };
		07CAE9E1002602E6A782301C /* Excludes.swift in Sources */ = {isa = PBXBuildFile; fileRef = 599546CD714D2F161CED2319 /* Excludes.swift */; };
		08FBB359D1C0E860D68AA3D7 /* ChunkError.swift in Sources */ = {isa = PBXBuildFile; fileRef = 89117BADF1A45F8077945555 /* ChunkError.swift */; };
		0B7B647E66F85257D7718262 /* ComponentLayoutDescription.swift in Sources */ = {isa = PBXBuildFile; fileRef = 6E95E1438B7CAC5AD5F8142D /* ComponentLayoutDescription.swift */; };
		0B93AB82FC2E75CA67D3FA90 /* PrototypeBuilderTests.swift in Sources */ = {isa = PBXBuildFile; fileRef = D85B554FAE6D01CC32D01F0E /* PrototypeBuilderTests.swift */; };
		0EAC7A854964A32D90A1DB00 /* EntityManagerPerformanceTests.swift in Sources */ = {isa = PBXBuildFile; fileRef = 03E30B53F614A43D5E397667 /* EntityManagerPerformanceTests.swift */; };
		10A47ED851B8DE7B3D0A7C66 /* ComponentManagerError.swift in Sources */ = {isa = PBXBuildFile; fileRef = F7F0D9C4CEFB15DFD577B38A /* ComponentManagerError.swift */; };
		1221837E4402D8ED6102CFAF /* PComponentAccessor.swift in Sources */ = {isa = PBXBuildFile; fileRef = 22EE47BAEF03B432DA43F0B8 /* PComponentAccessor.swift */; };
		1240CAB71C1F2A16627C78A9 /* HealthComponent.swift in Sources */ = {isa = PBXBuildFile; fileRef = A537C3E16316AAC9B6406606 /* HealthComponent.swift */; };
		1865C79E9E6B08E13847BCA5 /* ComponentAccessor.swift in Sources */ = {isa = PBXBuildFile; fileRef = E22B469284C6DFDA558B0C35 /* ComponentAccessor.swift */; };
		2114E968C26B9403D8639803 /* PComponentAccesorFactory.swift in Sources */ = {isa = PBXBuildFile; fileRef = 73BD206A147C125DAE2E7D1F /* PComponentAccesorFactory.swift */; };
		2A5FF638A9F2ACC748569B73 /* EntityRequesterTests.swift in Sources */ = {isa = PBXBuildFile; fileRef = 0DD954F6ED0FDDFEE0862A3D /* EntityRequesterTests.swift */; };
		2F1F59F6FF25E011063F3344 /* PChunkFilter.swift in Sources */ = {isa = PBXBuildFile; fileRef = 0E86F4D57F4A4C74AC073EB8 /* PChunkFilter.swift */; };
		2FA3FB0A2EA9217C577C9106 /* RequiresTests.swift in Sources */ = {isa = PBXBuildFile; fileRef = 7667093B2725BECD4139C8A7 /* RequiresTests.swift */; };
		324D6DEFBFCFF58325011950 /* ChunkEntityMigratorTests.swift in Sources */ = {isa = PBXBuildFile; fileRef = F8388C527B40F0BD64B07749 /* ChunkEntityMigratorTests.swift */; };
		365AA77756CA0A6B450616F4 /* ComponentSystemTests.swift in Sources */ = {isa = PBXBuildFile; fileRef = 7379BFE4116BB42AE4F93A9E /* ComponentSystemTests.swift */; };
		3721C19549EA262274E58E70 /* EntityRequester.swift in Sources */ = {isa = PBXBuildFile; fileRef = 9858EAB55B04CF060040755F /* EntityRequester.swift */; };
		3BADCFAE3CA88601E0CF40C5 /* World.swift in Sources */ = {isa = PBXBuildFile; fileRef = BBD0957372707432BFD9B21B /* World.swift */; };
		4353E1ED3B06D20A180C9313 /* Pods_LionECS.framework in Frameworks */ = {isa = PBXBuildFile; fileRef = 8E53368AA69EB850C5FFBD32 /* Pods_LionECS.framework */; };
		453410EB6897104A9ED9ED77 /* ComponentAccessorFactory.swift in Sources */ = {isa = PBXBuildFile; fileRef = 0599E3248B26DC09F09A334A /* ComponentAccessorFactory.swift */; };
		4697EA791C8D945373464F7A /* Main.storyboard in Resources */ = {isa = PBXBuildFile; fileRef = 319218F95235E504B3CEA1CF /* Main.storyboard */; };
		4A73AC97B210599620881D7F /* Entity.swift in Sources */ = {isa = PBXBuildFile; fileRef = B6CA8BFE409043DA9A6C8DDF /* Entity.swift */; };
		4AA4701736BE4309C6D91E72 /* ComponentSystem.swift in Sources */ = {isa = PBXBuildFile; fileRef = BD16017028F6289A6EB32B5D /* ComponentSystem.swift */; };
		4F54B613F212FC99AEDD306C /* ChunkEntityMigratorPerformanceTests.swift in Sources */ = {isa = PBXBuildFile; fileRef = E078EE80F26136939256C36A /* ChunkEntityMigratorPerformanceTests.swift */; };
		54F40FAC045B2C2F54197012 /* Pods_LionECSTests.framework in Frameworks */ = {isa = PBXBuildFile; fileRef = 84B9A8A214EF30CF43E9DE53 /* Pods_LionECSTests.framework */; };
		5AF0E40F59E14868CC0B6337 /* AutoPEntityIterable.generated.swift in Sources */ = {isa = PBXBuildFile; fileRef = 4CF6D450D87929EB7247087D /* AutoPEntityIterable.generated.swift */; };
		5B2CF90AF453B7236E0EAE83 /* EntityManagerTests.swift in Sources */ = {isa = PBXBuildFile; fileRef = 6A88287CE5BF7763D180F793 /* EntityManagerTests.swift */; };
		5D8625D68B20C93AE3EFAE6A /* PComponentManager.swift in Sources */ = {isa = PBXBuildFile; fileRef = 2C859D0497808E7B804163A2 /* PComponentManager.swift */; };
		64A7563E9AB362A8CB2FDEF2 /* ChunkMemoryManager.swift in Sources */ = {isa = PBXBuildFile; fileRef = F85132BB6C9987097C094F3B /* ChunkMemoryManager.swift */; };
		70372A09FF48A5A7FA58FEF0 /* PEntityQuery.swift in Sources */ = {isa = PBXBuildFile; fileRef = 25D3EC39F66B464C66BA1120 /* PEntityQuery.swift */; };
		713F65B0AD5AD99163183D80 /* ComponentManagerTests.swift in Sources */ = {isa = PBXBuildFile; fileRef = 423009D656529D69CF8D9893 /* ComponentManagerTests.swift */; };
		71CE924D0B621DA28A9DF5A4 /* ChunkMemoryLayoutDescription.swift in Sources */ = {isa = PBXBuildFile; fileRef = 121D15BCE51461ACF9C893D2 /* ChunkMemoryLayoutDescription.swift */; };
		73D1EBC40FF5449CCE9B6AB2 /* ChunkMemoryLayoutDescriptionBuilderTests.swift in Sources */ = {isa = PBXBuildFile; fileRef = E3FCB2318077F33A3F59F53D /* ChunkMemoryLayoutDescriptionBuilderTests.swift */; };
		73FB62FB75B74CD4A69973F9 /* EntityQueryPerformanceTests.swift in Sources */ = {isa = PBXBuildFile; fileRef = CFA394129E1E6FF93E544AE0 /* EntityQueryPerformanceTests.swift */; };
		7557967BEAEF961BA722D71E /* LionECS.framework in Frameworks */ = {isa = PBXBuildFile; fileRef = 5960CC6B177C4A44ED7FAEFF /* LionECS.framework */; };
		755933B9DF42651A1AD2C831 /* AutoEntityQueryResult.generated.swift in Sources */ = {isa = PBXBuildFile; fileRef = 3A2FAFEB7246814960270139 /* AutoEntityQueryResult.generated.swift */; };
		7BD9321ED764E231B9891FE1 /* AutoChunk+PEntityIterable.generated.swift in Sources */ = {isa = PBXBuildFile; fileRef = D722ABA520781D398B206472 /* AutoChunk+PEntityIterable.generated.swift */; };
		7C07A6017A121649B155707F /* DamageComponent.swift in Sources */ = {isa = PBXBuildFile; fileRef = 7F634C97A679EF89DE65C196 /* DamageComponent.swift */; };
		7CFEB34FCA8486271F00D39A /* LionECS.framework in Embed Frameworks */ = {isa = PBXBuildFile; fileRef = 5960CC6B177C4A44ED7FAEFF /* LionECS.framework */; settings = {ATTRIBUTES = (CodeSignOnCopy, RemoveHeadersOnCopy, ); }; };
		7F00BC84E9DACE2433EBCFC9 /* ChunkMemoryLayoutDescriptionBuilder.swift in Sources */ = {isa = PBXBuildFile; fileRef = 18C905057339B93C21B30980 /* ChunkMemoryLayoutDescriptionBuilder.swift */; };
		80A952D558F482E44A8B8A1C /* PSystem.swift in Sources */ = {isa = PBXBuildFile; fileRef = B88EA79F60513B35C7D27BEB /* PSystem.swift */; };
		81E849CADDEB8CF16A6049DA /* ChunkMemoryManagerPerformanceTests.swift in Sources */ = {isa = PBXBuildFile; fileRef = CB70EF919F77BA782C6EEA0E /* ChunkMemoryManagerPerformanceTests.swift */; };
		834080CB729ADE432EC6E92D /* Requires.swift in Sources */ = {isa = PBXBuildFile; fileRef = B662F93FC8358696B6974A37 /* Requires.swift */; };
		84F8AC252D076602128BB11B /* PMemoryManager.swift in Sources */ = {isa = PBXBuildFile; fileRef = 850521BFF40EC16E513A4A8D /* PMemoryManager.swift */; };
		86DB7BC1538109750270A8DF /* ExcludesTests.swift in Sources */ = {isa = PBXBuildFile; fileRef = 34FF73E4A6EE9A6A878363FC /* ExcludesTests.swift */; };
		8B2CCFDCA5B3D16A26E8DA24 /* ComponentAccessorPerformanceTests.swift in Sources */ = {isa = PBXBuildFile; fileRef = B654FA7B5EE3CC852808EC82 /* ComponentAccessorPerformanceTests.swift */; };
		8B3152115324817A00C6D410 /* Game.swift in Sources */ = {isa = PBXBuildFile; fileRef = F18480C0289CED1856FA9AAB /* Game.swift */; };
		8DAFBBF56A80FCD64D8FA338 /* ComponentManager.swift in Sources */ = {isa = PBXBuildFile; fileRef = 581EE702C8BC757E785D31D2 /* ComponentManager.swift */; };
		8E4A9306947B853E4FF83B37 /* ChunkEntityMigrator.swift in Sources */ = {isa = PBXBuildFile; fileRef = 4DD700B3110C89AF148DA4BE /* ChunkEntityMigrator.swift */; };
		8F32350F8A5288FA9E988D5F /* LionECS.framework in Frameworks */ = {isa = PBXBuildFile; fileRef = 5960CC6B177C4A44ED7FAEFF /* LionECS.framework */; };
		90C64033C7D718CE8DBC776C /* ManagedMemoryBlob.swift in Sources */ = {isa = PBXBuildFile; fileRef = 292E876E92F75C2BDDBCFF0E /* ManagedMemoryBlob.swift */; };
		9952944D3EE896F0D7175D61 /* Prototype.swift in Sources */ = {isa = PBXBuildFile; fileRef = 035109BDF72F40BD2FBDF900 /* Prototype.swift */; };
		9D489CE34C380D7B44701022 /* WorldTests.swift in Sources */ = {isa = PBXBuildFile; fileRef = AE9B3438094ABEC7F6A0B884 /* WorldTests.swift */; };
		9E1D79204746E3292A1D9497 /* PComponent.swift in Sources */ = {isa = PBXBuildFile; fileRef = 9B01F1EAD197C29EFF011EC7 /* PComponent.swift */; };
		9F3ADD26950D9D7697DDCA48 /* PCreatableSystem.swift in Sources */ = {isa = PBXBuildFile; fileRef = ADDFA40754A88120B7147B99 /* PCreatableSystem.swift */; };
		A34D2891C61BA020F7D0D69B /* AutoMockable.generated.swift in Sources */ = {isa = PBXBuildFile; fileRef = A4FBAF01CEDFF0130045D8D5 /* AutoMockable.generated.swift */; };
		A47996CA86EA5A772F072CFE /* PrototypeComponentManagersPerformanceTests.swift in Sources */ = {isa = PBXBuildFile; fileRef = 9C6AAD754D7B6C9403904F27 /* PrototypeComponentManagersPerformanceTests.swift */; };
		A4853CD245B914122720E48D /* Pods_Example.framework in Frameworks */ = {isa = PBXBuildFile; fileRef = 245A727E0F378FC56BA7332F /* Pods_Example.framework */; };
		A7BF49359504E10A39C6BCDF /* Chunk.swift in Sources */ = {isa = PBXBuildFile; fileRef = 1D3BCD3FF8F873F08BDFDB9F /* Chunk.swift */; };
		ABAE1F7B7756CAABF4D1F2B3 /* Assets.xcassets in Resources */ = {isa = PBXBuildFile; fileRef = 131147088A662A27414C62A4 /* Assets.xcassets */; };
		AE217B6304C224B0C14F71AA /* PChunkEntityMigrator.swift in Sources */ = {isa = PBXBuildFile; fileRef = D066E252361ED669B2FE76B4 /* PChunkEntityMigrator.swift */; };
		B4AC2033BF59760F07C2B7F4 /* Preview Assets.xcassets in Resources */ = {isa = PBXBuildFile; fileRef = CD4864087984EE5588DA5571 /* Preview Assets.xcassets */; };
		BE2D5EBA1484219EC75BD627 /* PEntityAccessor.swift in Sources */ = {isa = PBXBuildFile; fileRef = 769546E264F1714D7FDE1BAF /* PEntityAccessor.swift */; };
		C03DBF7A7A8581E9C26A335C /* PEntityDataAccessor.swift in Sources */ = {isa = PBXBuildFile; fileRef = 6DD5571F0924D7729B79B747 /* PEntityDataAccessor.swift */; };
		C35E686B9DC97BF42B82D2E5 /* PEntityFIlter.swift in Sources */ = {isa = PBXBuildFile; fileRef = 88D2D62C24B42429D7426757 /* PEntityFIlter.swift */; };
		C5D6754E6CEA1A0B943386EB /* ComponentIdentifier.swift in Sources */ = {isa = PBXBuildFile; fileRef = A842D716A5537513CCA58E39 /* ComponentIdentifier.swift */; };
		CF02D40A329468CE6BEA2D3F /* ManagedMemoryBlobTests.swift in Sources */ = {isa = PBXBuildFile; fileRef = 56920CD4A22B142E09CAFE56 /* ManagedMemoryBlobTests.swift */; };
		CF51136928A58C94DF01BE9B /* DamageSystem.swift in Sources */ = {isa = PBXBuildFile; fileRef = BFFB6ACBF0E9FB448AD5ED11 /* DamageSystem.swift */; };
		D11D1F53CC56AAD308CDE9CE /* EntityDataAccessorPerformanceTests.swift in Sources */ = {isa = PBXBuildFile; fileRef = BA11DEF63CD5CCE08496B44E /* EntityDataAccessorPerformanceTests.swift */; };
		D31673E562C1EAF1E5909552 /* EntityAccessorPerformanceTests.swift in Sources */ = {isa = PBXBuildFile; fileRef = F8DEB6051093852B832869C4 /* EntityAccessorPerformanceTests.swift */; };
		D393B4461F61E51638636D06 /* EntityAccessor.swift in Sources */ = {isa = PBXBuildFile; fileRef = 8AABE22B58587839AEAA2F66 /* EntityAccessor.swift */; };
		D5925EBD078F6448BC1C5ECF /* AutoChunk+PComponentsSettable.generated.swift in Sources */ = {isa = PBXBuildFile; fileRef = 910A27D1441EBC9BCBD9D6CD /* AutoChunk+PComponentsSettable.generated.swift */; };
		DB0359294B002C625A163610 /* EntityQueryResult.swift in Sources */ = {isa = PBXBuildFile; fileRef = B6FD1EC53B4BBEA9FCB2F8DD /* EntityQueryResult.swift */; };
		DF6F3D6E06558A7FFD461D1A /* EntityManager.swift in Sources */ = {isa = PBXBuildFile; fileRef = B05D44B2FACC624C711396FB /* EntityManager.swift */; };
		E36B765838CFEDDC8E441462 /* EntityDataAccessor.swift in Sources */ = {isa = PBXBuildFile; fileRef = D0D53FA7539A42687CE71BF6 /* EntityDataAccessor.swift */; };
		E64D14351F860A9282C3518C /* PrototypeBuilder.swift in Sources */ = {isa = PBXBuildFile; fileRef = D504228393D43DE3373D5517 /* PrototypeBuilder.swift */; };
		EA2A6F64EC7735EC98CA250B /* EntityTests.swift in Sources */ = {isa = PBXBuildFile; fileRef = F7615CCDE8495A857EA0D529 /* EntityTests.swift */; };
		EBDB487A5FEA142D04ECA700 /* AppDelegate.swift in Sources */ = {isa = PBXBuildFile; fileRef = DBDB8D1E8F6C0FA235848949 /* AppDelegate.swift */; };
		F0C83026C3BC1455F3CB74B7 /* ECS.h in Headers */ = {isa = PBXBuildFile; fileRef = A49B975AEE38F2B692A60905 /* ECS.h */; settings = {ATTRIBUTES = (Public, ); }; };
		F19A033623D3A14500BE92A6 /* DeathSystem.swift in Sources */ = {isa = PBXBuildFile; fileRef = F19A033523D3A14500BE92A6 /* DeathSystem.swift */; };
		F3C0812F7F5C1042E10DC4E2 /* ContentView.swift in Sources */ = {isa = PBXBuildFile; fileRef = 1B1F62EB8E4C73CA43FD4CC0 /* ContentView.swift */; };
		F416160C95D81DE9A0407999 /* PChunk.swift in Sources */ = {isa = PBXBuildFile; fileRef = 910A54BCA67A80890F0466D9 /* PChunk.swift */; };
		FCD6C375DB3D586BFD0688D9 /* EntityQuery.swift in Sources */ = {isa = PBXBuildFile; fileRef = 158A640344B7D4C95C28372C /* EntityQuery.swift */; };
		FD96E2AE56F01B3514E0622C /* ChunkMemotyLayoutDescriptionTests.swift in Sources */ = {isa = PBXBuildFile; fileRef = 8C11699E0ADDFABB86E844B3 /* ChunkMemotyLayoutDescriptionTests.swift */; };
/* End PBXBuildFile section */

/* Begin PBXContainerItemProxy section */
		7D66D9CDF818512BC47B5041 /* PBXContainerItemProxy */ = {
			isa = PBXContainerItemProxy;
			containerPortal = 2837F90DB4A9295539182B92 /* Project object */;
			proxyType = 1;
			remoteGlobalIDString = 857D7C68320F0856FEFA81CB;
			remoteInfo = LionECS;
		};
		98E92ED842744D77C9E4E0A0 /* PBXContainerItemProxy */ = {
			isa = PBXContainerItemProxy;
			containerPortal = 2837F90DB4A9295539182B92 /* Project object */;
			proxyType = 1;
			remoteGlobalIDString = 857D7C68320F0856FEFA81CB;
			remoteInfo = LionECS;
		};
/* End PBXContainerItemProxy section */

/* Begin PBXCopyFilesBuildPhase section */
		C641362305FDCC6AD169D05D /* Embed Frameworks */ = {
			isa = PBXCopyFilesBuildPhase;
			buildActionMask = 2147483647;
			dstPath = "";
			dstSubfolderSpec = 10;
			files = (
				02CDEA5B2E30AAC919B4FCAB /* LionECS.framework in Embed Frameworks */,
			);
			name = "Embed Frameworks";
			runOnlyForDeploymentPostprocessing = 0;
		};
		DE5493FEAC6B9FF1B359BCEF /* Embed Frameworks */ = {
			isa = PBXCopyFilesBuildPhase;
			buildActionMask = 2147483647;
			dstPath = "";
			dstSubfolderSpec = 10;
			files = (
				7CFEB34FCA8486271F00D39A /* LionECS.framework in Embed Frameworks */,
			);
			name = "Embed Frameworks";
			runOnlyForDeploymentPostprocessing = 0;
		};
/* End PBXCopyFilesBuildPhase section */

/* Begin PBXFileReference section */
		035109BDF72F40BD2FBDF900 /* Prototype.swift */ = {isa = PBXFileReference; lastKnownFileType = sourcecode.swift; path = Prototype.swift; sourceTree = "<group>"; };
		03E30B53F614A43D5E397667 /* EntityManagerPerformanceTests.swift */ = {isa = PBXFileReference; lastKnownFileType = sourcecode.swift; path = EntityManagerPerformanceTests.swift; sourceTree = "<group>"; };
		0580E1B0BCEC712593ABDE53 /* Pods-LionECSTests.release.xcconfig */ = {isa = PBXFileReference; includeInIndex = 1; lastKnownFileType = text.xcconfig; name = "Pods-LionECSTests.release.xcconfig"; path = "Target Support Files/Pods-LionECSTests/Pods-LionECSTests.release.xcconfig"; sourceTree = "<group>"; };
		0599E3248B26DC09F09A334A /* ComponentAccessorFactory.swift */ = {isa = PBXFileReference; lastKnownFileType = sourcecode.swift; path = ComponentAccessorFactory.swift; sourceTree = "<group>"; };
		0DD954F6ED0FDDFEE0862A3D /* EntityRequesterTests.swift */ = {isa = PBXFileReference; lastKnownFileType = sourcecode.swift; path = EntityRequesterTests.swift; sourceTree = "<group>"; };
		0E86F4D57F4A4C74AC073EB8 /* PChunkFilter.swift */ = {isa = PBXFileReference; lastKnownFileType = sourcecode.swift; path = PChunkFilter.swift; sourceTree = "<group>"; };
		121D15BCE51461ACF9C893D2 /* ChunkMemoryLayoutDescription.swift */ = {isa = PBXFileReference; lastKnownFileType = sourcecode.swift; path = ChunkMemoryLayoutDescription.swift; sourceTree = "<group>"; };
		131147088A662A27414C62A4 /* Assets.xcassets */ = {isa = PBXFileReference; lastKnownFileType = folder.assetcatalog; path = Assets.xcassets; sourceTree = "<group>"; };
		158A640344B7D4C95C28372C /* EntityQuery.swift */ = {isa = PBXFileReference; lastKnownFileType = sourcecode.swift; path = EntityQuery.swift; sourceTree = "<group>"; };
		18C905057339B93C21B30980 /* ChunkMemoryLayoutDescriptionBuilder.swift */ = {isa = PBXFileReference; lastKnownFileType = sourcecode.swift; path = ChunkMemoryLayoutDescriptionBuilder.swift; sourceTree = "<group>"; };
		1B1F62EB8E4C73CA43FD4CC0 /* ContentView.swift */ = {isa = PBXFileReference; lastKnownFileType = sourcecode.swift; path = ContentView.swift; sourceTree = "<group>"; };
		1D0556E5BDE136E9B69E1F85 /* Base */ = {isa = PBXFileReference; lastKnownFileType = file.storyboard; name = Base; path = Base.lproj/Main.storyboard; sourceTree = "<group>"; };
		1D3BCD3FF8F873F08BDFDB9F /* Chunk.swift */ = {isa = PBXFileReference; lastKnownFileType = sourcecode.swift; path = Chunk.swift; sourceTree = "<group>"; };
		1E3A7CAE67E218570E574297 /* Release.xcconfig */ = {isa = PBXFileReference; lastKnownFileType = text.xcconfig; path = Release.xcconfig; sourceTree = "<group>"; };
		22EE47BAEF03B432DA43F0B8 /* PComponentAccessor.swift */ = {isa = PBXFileReference; lastKnownFileType = sourcecode.swift; path = PComponentAccessor.swift; sourceTree = "<group>"; };
		245A727E0F378FC56BA7332F /* Pods_Example.framework */ = {isa = PBXFileReference; explicitFileType = wrapper.framework; includeInIndex = 0; path = Pods_Example.framework; sourceTree = BUILT_PRODUCTS_DIR; };
		25D3EC39F66B464C66BA1120 /* PEntityQuery.swift */ = {isa = PBXFileReference; lastKnownFileType = sourcecode.swift; path = PEntityQuery.swift; sourceTree = "<group>"; };
		26632EA64DD4237243FCC4E8 /* Pods-LionECS.release.xcconfig */ = {isa = PBXFileReference; includeInIndex = 1; lastKnownFileType = text.xcconfig; name = "Pods-LionECS.release.xcconfig"; path = "Target Support Files/Pods-LionECS/Pods-LionECS.release.xcconfig"; sourceTree = "<group>"; };
		292E876E92F75C2BDDBCFF0E /* ManagedMemoryBlob.swift */ = {isa = PBXFileReference; lastKnownFileType = sourcecode.swift; path = ManagedMemoryBlob.swift; sourceTree = "<group>"; };
		2C859D0497808E7B804163A2 /* PComponentManager.swift */ = {isa = PBXFileReference; lastKnownFileType = sourcecode.swift; path = PComponentManager.swift; sourceTree = "<group>"; };
		32E755B054E51DE99A51C8D2 /* Info.plist */ = {isa = PBXFileReference; lastKnownFileType = text.plist; path = Info.plist; sourceTree = "<group>"; };
		34FF73E4A6EE9A6A878363FC /* ExcludesTests.swift */ = {isa = PBXFileReference; lastKnownFileType = sourcecode.swift; path = ExcludesTests.swift; sourceTree = "<group>"; };
		3A2FAFEB7246814960270139 /* AutoEntityQueryResult.generated.swift */ = {isa = PBXFileReference; lastKnownFileType = sourcecode.swift; path = AutoEntityQueryResult.generated.swift; sourceTree = "<group>"; };
		3DADA7B0E72F4A176045D8D4 /* Example.app */ = {isa = PBXFileReference; explicitFileType = wrapper.application; includeInIndex = 0; path = Example.app; sourceTree = BUILT_PRODUCTS_DIR; };
		3E39ABA2CE4048F4066542F1 /* Info.plist */ = {isa = PBXFileReference; lastKnownFileType = text.plist; path = Info.plist; sourceTree = "<group>"; };
		423009D656529D69CF8D9893 /* ComponentManagerTests.swift */ = {isa = PBXFileReference; lastKnownFileType = sourcecode.swift; path = ComponentManagerTests.swift; sourceTree = "<group>"; };
		4CF6D450D87929EB7247087D /* AutoPEntityIterable.generated.swift */ = {isa = PBXFileReference; lastKnownFileType = sourcecode.swift; path = AutoPEntityIterable.generated.swift; sourceTree = "<group>"; };
		4DD700B3110C89AF148DA4BE /* ChunkEntityMigrator.swift */ = {isa = PBXFileReference; lastKnownFileType = sourcecode.swift; path = ChunkEntityMigrator.swift; sourceTree = "<group>"; };
		56920CD4A22B142E09CAFE56 /* ManagedMemoryBlobTests.swift */ = {isa = PBXFileReference; lastKnownFileType = sourcecode.swift; path = ManagedMemoryBlobTests.swift; sourceTree = "<group>"; };
		581EE702C8BC757E785D31D2 /* ComponentManager.swift */ = {isa = PBXFileReference; lastKnownFileType = sourcecode.swift; path = ComponentManager.swift; sourceTree = "<group>"; };
		590643E6253F4E8347D30EF3 /* Pods-Example.debug.xcconfig */ = {isa = PBXFileReference; includeInIndex = 1; lastKnownFileType = text.xcconfig; name = "Pods-Example.debug.xcconfig"; path = "Target Support Files/Pods-Example/Pods-Example.debug.xcconfig"; sourceTree = "<group>"; };
		5960CC6B177C4A44ED7FAEFF /* LionECS.framework */ = {isa = PBXFileReference; explicitFileType = wrapper.framework; includeInIndex = 0; path = LionECS.framework; sourceTree = BUILT_PRODUCTS_DIR; };
		599546CD714D2F161CED2319 /* Excludes.swift */ = {isa = PBXFileReference; lastKnownFileType = sourcecode.swift; path = Excludes.swift; sourceTree = "<group>"; };
		5B2B27C067B21C763BB2DBAB /* Example.entitlements */ = {isa = PBXFileReference; lastKnownFileType = text.plist.entitlements; path = Example.entitlements; sourceTree = "<group>"; };
		6A88287CE5BF7763D180F793 /* EntityManagerTests.swift */ = {isa = PBXFileReference; lastKnownFileType = sourcecode.swift; path = EntityManagerTests.swift; sourceTree = "<group>"; };
		6D4682BC4A39121C9E4C646A /* Common.xcconfig */ = {isa = PBXFileReference; lastKnownFileType = text.xcconfig; path = Common.xcconfig; sourceTree = "<group>"; };
		6DD5571F0924D7729B79B747 /* PEntityDataAccessor.swift */ = {isa = PBXFileReference; lastKnownFileType = sourcecode.swift; path = PEntityDataAccessor.swift; sourceTree = "<group>"; };
		6E95E1438B7CAC5AD5F8142D /* ComponentLayoutDescription.swift */ = {isa = PBXFileReference; lastKnownFileType = sourcecode.swift; path = ComponentLayoutDescription.swift; sourceTree = "<group>"; };
		7379BFE4116BB42AE4F93A9E /* ComponentSystemTests.swift */ = {isa = PBXFileReference; lastKnownFileType = sourcecode.swift; path = ComponentSystemTests.swift; sourceTree = "<group>"; };
		73BD206A147C125DAE2E7D1F /* PComponentAccesorFactory.swift */ = {isa = PBXFileReference; lastKnownFileType = sourcecode.swift; path = PComponentAccesorFactory.swift; sourceTree = "<group>"; };
		7667093B2725BECD4139C8A7 /* RequiresTests.swift */ = {isa = PBXFileReference; lastKnownFileType = sourcecode.swift; path = RequiresTests.swift; sourceTree = "<group>"; };
		769546E264F1714D7FDE1BAF /* PEntityAccessor.swift */ = {isa = PBXFileReference; lastKnownFileType = sourcecode.swift; path = PEntityAccessor.swift; sourceTree = "<group>"; };
		7E56C5F832DFD86C5CD8823A /* LionECSTests.xctest */ = {isa = PBXFileReference; explicitFileType = wrapper.cfbundle; includeInIndex = 0; path = LionECSTests.xctest; sourceTree = BUILT_PRODUCTS_DIR; };
		7F2740294881AC2723E1F65F /* Info.plist */ = {isa = PBXFileReference; lastKnownFileType = text.plist; path = Info.plist; sourceTree = "<group>"; };
		7F634C97A679EF89DE65C196 /* DamageComponent.swift */ = {isa = PBXFileReference; lastKnownFileType = sourcecode.swift; path = DamageComponent.swift; sourceTree = "<group>"; };
		84B9A8A214EF30CF43E9DE53 /* Pods_LionECSTests.framework */ = {isa = PBXFileReference; explicitFileType = wrapper.framework; includeInIndex = 0; path = Pods_LionECSTests.framework; sourceTree = BUILT_PRODUCTS_DIR; };
		850521BFF40EC16E513A4A8D /* PMemoryManager.swift */ = {isa = PBXFileReference; lastKnownFileType = sourcecode.swift; path = PMemoryManager.swift; sourceTree = "<group>"; };
		88D2D62C24B42429D7426757 /* PEntityFIlter.swift */ = {isa = PBXFileReference; lastKnownFileType = sourcecode.swift; path = PEntityFIlter.swift; sourceTree = "<group>"; };
		89117BADF1A45F8077945555 /* ChunkError.swift */ = {isa = PBXFileReference; lastKnownFileType = sourcecode.swift; path = ChunkError.swift; sourceTree = "<group>"; };
		8AABE22B58587839AEAA2F66 /* EntityAccessor.swift */ = {isa = PBXFileReference; lastKnownFileType = sourcecode.swift; path = EntityAccessor.swift; sourceTree = "<group>"; };
		8C11699E0ADDFABB86E844B3 /* ChunkMemotyLayoutDescriptionTests.swift */ = {isa = PBXFileReference; lastKnownFileType = sourcecode.swift; path = ChunkMemotyLayoutDescriptionTests.swift; sourceTree = "<group>"; };
		8E53368AA69EB850C5FFBD32 /* Pods_LionECS.framework */ = {isa = PBXFileReference; explicitFileType = wrapper.framework; includeInIndex = 0; path = Pods_LionECS.framework; sourceTree = BUILT_PRODUCTS_DIR; };
		910A27D1441EBC9BCBD9D6CD /* AutoChunk+PComponentsSettable.generated.swift */ = {isa = PBXFileReference; lastKnownFileType = sourcecode.swift; path = "AutoChunk+PComponentsSettable.generated.swift"; sourceTree = "<group>"; };
		910A54BCA67A80890F0466D9 /* PChunk.swift */ = {isa = PBXFileReference; lastKnownFileType = sourcecode.swift; path = PChunk.swift; sourceTree = "<group>"; };
		9858EAB55B04CF060040755F /* EntityRequester.swift */ = {isa = PBXFileReference; lastKnownFileType = sourcecode.swift; path = EntityRequester.swift; sourceTree = "<group>"; };
		9B01F1EAD197C29EFF011EC7 /* PComponent.swift */ = {isa = PBXFileReference; lastKnownFileType = sourcecode.swift; path = PComponent.swift; sourceTree = "<group>"; };
		9B7C13446133AC091EA9B4C3 /* DeadComponent.swift */ = {isa = PBXFileReference; lastKnownFileType = sourcecode.swift; path = DeadComponent.swift; sourceTree = "<group>"; };
		9C6AAD754D7B6C9403904F27 /* PrototypeComponentManagersPerformanceTests.swift */ = {isa = PBXFileReference; lastKnownFileType = sourcecode.swift; path = PrototypeComponentManagersPerformanceTests.swift; sourceTree = "<group>"; };
		A49B975AEE38F2B692A60905 /* ECS.h */ = {isa = PBXFileReference; lastKnownFileType = sourcecode.c.h; path = ECS.h; sourceTree = "<group>"; };
		A4FBAF01CEDFF0130045D8D5 /* AutoMockable.generated.swift */ = {isa = PBXFileReference; lastKnownFileType = sourcecode.swift; path = AutoMockable.generated.swift; sourceTree = "<group>"; };
		A537C3E16316AAC9B6406606 /* HealthComponent.swift */ = {isa = PBXFileReference; lastKnownFileType = sourcecode.swift; path = HealthComponent.swift; sourceTree = "<group>"; };
		A842D716A5537513CCA58E39 /* ComponentIdentifier.swift */ = {isa = PBXFileReference; lastKnownFileType = sourcecode.swift; path = ComponentIdentifier.swift; sourceTree = "<group>"; };
		ADDFA40754A88120B7147B99 /* PCreatableSystem.swift */ = {isa = PBXFileReference; lastKnownFileType = sourcecode.swift; path = PCreatableSystem.swift; sourceTree = "<group>"; };
		AE9B3438094ABEC7F6A0B884 /* WorldTests.swift */ = {isa = PBXFileReference; lastKnownFileType = sourcecode.swift; path = WorldTests.swift; sourceTree = "<group>"; };
		B05D44B2FACC624C711396FB /* EntityManager.swift */ = {isa = PBXFileReference; lastKnownFileType = sourcecode.swift; path = EntityManager.swift; sourceTree = "<group>"; };
		B3DD2F4B8B615B01768B6CFB /* Debug.xcconfig */ = {isa = PBXFileReference; lastKnownFileType = text.xcconfig; path = Debug.xcconfig; sourceTree = "<group>"; };
		B654FA7B5EE3CC852808EC82 /* ComponentAccessorPerformanceTests.swift */ = {isa = PBXFileReference; lastKnownFileType = sourcecode.swift; path = ComponentAccessorPerformanceTests.swift; sourceTree = "<group>"; };
		B662F93FC8358696B6974A37 /* Requires.swift */ = {isa = PBXFileReference; lastKnownFileType = sourcecode.swift; path = Requires.swift; sourceTree = "<group>"; };
		B6CA8BFE409043DA9A6C8DDF /* Entity.swift */ = {isa = PBXFileReference; lastKnownFileType = sourcecode.swift; path = Entity.swift; sourceTree = "<group>"; };
		B6FD1EC53B4BBEA9FCB2F8DD /* EntityQueryResult.swift */ = {isa = PBXFileReference; lastKnownFileType = sourcecode.swift; path = EntityQueryResult.swift; sourceTree = "<group>"; };
		B88EA79F60513B35C7D27BEB /* PSystem.swift */ = {isa = PBXFileReference; lastKnownFileType = sourcecode.swift; path = PSystem.swift; sourceTree = "<group>"; };
		BA11DEF63CD5CCE08496B44E /* EntityDataAccessorPerformanceTests.swift */ = {isa = PBXFileReference; lastKnownFileType = sourcecode.swift; path = EntityDataAccessorPerformanceTests.swift; sourceTree = "<group>"; };
		BB431E639A9DC056DAD67E09 /* Pods-LionECSTests.debug.xcconfig */ = {isa = PBXFileReference; includeInIndex = 1; lastKnownFileType = text.xcconfig; name = "Pods-LionECSTests.debug.xcconfig"; path = "Target Support Files/Pods-LionECSTests/Pods-LionECSTests.debug.xcconfig"; sourceTree = "<group>"; };
		BBD0957372707432BFD9B21B /* World.swift */ = {isa = PBXFileReference; lastKnownFileType = sourcecode.swift; path = World.swift; sourceTree = "<group>"; };
		BD16017028F6289A6EB32B5D /* ComponentSystem.swift */ = {isa = PBXFileReference; lastKnownFileType = sourcecode.swift; path = ComponentSystem.swift; sourceTree = "<group>"; };
		BFFB6ACBF0E9FB448AD5ED11 /* DamageSystem.swift */ = {isa = PBXFileReference; lastKnownFileType = sourcecode.swift; path = DamageSystem.swift; sourceTree = "<group>"; };
		C0EB86BC9C31FE36A714EC4D /* Pods-LionECS.debug.xcconfig */ = {isa = PBXFileReference; includeInIndex = 1; lastKnownFileType = text.xcconfig; name = "Pods-LionECS.debug.xcconfig"; path = "Target Support Files/Pods-LionECS/Pods-LionECS.debug.xcconfig"; sourceTree = "<group>"; };
		C0FC5F6B60050566ED4D4324 /* Pods-Example.release.xcconfig */ = {isa = PBXFileReference; includeInIndex = 1; lastKnownFileType = text.xcconfig; name = "Pods-Example.release.xcconfig"; path = "Target Support Files/Pods-Example/Pods-Example.release.xcconfig"; sourceTree = "<group>"; };
		CB70EF919F77BA782C6EEA0E /* ChunkMemoryManagerPerformanceTests.swift */ = {isa = PBXFileReference; lastKnownFileType = sourcecode.swift; path = ChunkMemoryManagerPerformanceTests.swift; sourceTree = "<group>"; };
		CD4864087984EE5588DA5571 /* Preview Assets.xcassets */ = {isa = PBXFileReference; lastKnownFileType = folder.assetcatalog; path = "Preview Assets.xcassets"; sourceTree = "<group>"; };
		CFA394129E1E6FF93E544AE0 /* EntityQueryPerformanceTests.swift */ = {isa = PBXFileReference; lastKnownFileType = sourcecode.swift; path = EntityQueryPerformanceTests.swift; sourceTree = "<group>"; };
		D066E252361ED669B2FE76B4 /* PChunkEntityMigrator.swift */ = {isa = PBXFileReference; lastKnownFileType = sourcecode.swift; path = PChunkEntityMigrator.swift; sourceTree = "<group>"; };
		D0D53FA7539A42687CE71BF6 /* EntityDataAccessor.swift */ = {isa = PBXFileReference; lastKnownFileType = sourcecode.swift; path = EntityDataAccessor.swift; sourceTree = "<group>"; };
		D504228393D43DE3373D5517 /* PrototypeBuilder.swift */ = {isa = PBXFileReference; lastKnownFileType = sourcecode.swift; path = PrototypeBuilder.swift; sourceTree = "<group>"; };
		D722ABA520781D398B206472 /* AutoChunk+PEntityIterable.generated.swift */ = {isa = PBXFileReference; lastKnownFileType = sourcecode.swift; path = "AutoChunk+PEntityIterable.generated.swift"; sourceTree = "<group>"; };
		D85B554FAE6D01CC32D01F0E /* PrototypeBuilderTests.swift */ = {isa = PBXFileReference; lastKnownFileType = sourcecode.swift; path = PrototypeBuilderTests.swift; sourceTree = "<group>"; };
		DBDB8D1E8F6C0FA235848949 /* AppDelegate.swift */ = {isa = PBXFileReference; lastKnownFileType = sourcecode.swift; path = AppDelegate.swift; sourceTree = "<group>"; };
		E078EE80F26136939256C36A /* ChunkEntityMigratorPerformanceTests.swift */ = {isa = PBXFileReference; lastKnownFileType = sourcecode.swift; path = ChunkEntityMigratorPerformanceTests.swift; sourceTree = "<group>"; };
		E22B469284C6DFDA558B0C35 /* ComponentAccessor.swift */ = {isa = PBXFileReference; lastKnownFileType = sourcecode.swift; path = ComponentAccessor.swift; sourceTree = "<group>"; };
		E3FCB2318077F33A3F59F53D /* ChunkMemoryLayoutDescriptionBuilderTests.swift */ = {isa = PBXFileReference; lastKnownFileType = sourcecode.swift; path = ChunkMemoryLayoutDescriptionBuilderTests.swift; sourceTree = "<group>"; };
		F18480C0289CED1856FA9AAB /* Game.swift */ = {isa = PBXFileReference; lastKnownFileType = sourcecode.swift; path = Game.swift; sourceTree = "<group>"; };
		F19A033523D3A14500BE92A6 /* DeathSystem.swift */ = {isa = PBXFileReference; lastKnownFileType = sourcecode.swift; path = DeathSystem.swift; sourceTree = "<group>"; };
		F7615CCDE8495A857EA0D529 /* EntityTests.swift */ = {isa = PBXFileReference; lastKnownFileType = sourcecode.swift; path = EntityTests.swift; sourceTree = "<group>"; };
		F7F0D9C4CEFB15DFD577B38A /* ComponentManagerError.swift */ = {isa = PBXFileReference; lastKnownFileType = sourcecode.swift; path = ComponentManagerError.swift; sourceTree = "<group>"; };
		F8388C527B40F0BD64B07749 /* ChunkEntityMigratorTests.swift */ = {isa = PBXFileReference; lastKnownFileType = sourcecode.swift; path = ChunkEntityMigratorTests.swift; sourceTree = "<group>"; };
		F85132BB6C9987097C094F3B /* ChunkMemoryManager.swift */ = {isa = PBXFileReference; lastKnownFileType = sourcecode.swift; path = ChunkMemoryManager.swift; sourceTree = "<group>"; };
		F8DEB6051093852B832869C4 /* EntityAccessorPerformanceTests.swift */ = {isa = PBXFileReference; lastKnownFileType = sourcecode.swift; path = EntityAccessorPerformanceTests.swift; sourceTree = "<group>"; };
/* End PBXFileReference section */

/* Begin PBXFrameworksBuildPhase section */
		9F4DA5C4E8F8B342BACC8E08 /* Frameworks */ = {
			isa = PBXFrameworksBuildPhase;
			buildActionMask = 2147483647;
			files = (
				7557967BEAEF961BA722D71E /* LionECS.framework in Frameworks */,
				54F40FAC045B2C2F54197012 /* Pods_LionECSTests.framework in Frameworks */,
			);
			runOnlyForDeploymentPostprocessing = 0;
		};
		E9B54F57CA06E79CFE86AB44 /* Frameworks */ = {
			isa = PBXFrameworksBuildPhase;
			buildActionMask = 2147483647;
			files = (
				8F32350F8A5288FA9E988D5F /* LionECS.framework in Frameworks */,
				A4853CD245B914122720E48D /* Pods_Example.framework in Frameworks */,
			);
			runOnlyForDeploymentPostprocessing = 0;
		};
		FC9BE7F97EAAA698F8308218 /* Frameworks */ = {
			isa = PBXFrameworksBuildPhase;
			buildActionMask = 2147483647;
			files = (
				4353E1ED3B06D20A180C9313 /* Pods_LionECS.framework in Frameworks */,
			);
			runOnlyForDeploymentPostprocessing = 0;
		};
/* End PBXFrameworksBuildPhase section */

/* Begin PBXGroup section */
		084911CFCA9B46772005C63A /* Components */ = {
			isa = PBXGroup;
			children = (
				A842D716A5537513CCA58E39 /* ComponentIdentifier.swift */,
				F7F0D9C4CEFB15DFD577B38A /* ComponentManagerError.swift */,
				9B01F1EAD197C29EFF011EC7 /* PComponent.swift */,
				2C859D0497808E7B804163A2 /* PComponentManager.swift */,
			);
			path = Components;
			sourceTree = "<group>";
		};
		22D91D64FCAB57EE2868A87F /* Utilities */ = {
			isa = PBXGroup;
			children = (
				035109BDF72F40BD2FBDF900 /* Prototype.swift */,
				D504228393D43DE3373D5517 /* PrototypeBuilder.swift */,
			);
			path = Utilities;
			sourceTree = "<group>";
		};
		2F7E8153899402DF2BC6D791 = {
			isa = PBXGroup;
			children = (
				CD360405CD79CBC9DE8217D7 /* Configurations */,
				6AE5F1F490401B7C477ED253 /* ECS */,
				4DCDB51D82D204AB01E214C9 /* ECSTests */,
				BDD7DD68069CB7F77C64DA95 /* Example */,
				86BA03E4947EB2F9F516FF16 /* Products */,
				E9E77756ADF3FB558C85772F /* Pods */,
				F352CC0345F5EF25466D69F6 /* Frameworks */,
			);
			sourceTree = "<group>";
		};
		2FFDB7E8EF4BBC1919F78DA1 /* Common */ = {
			isa = PBXGroup;
			children = (
				03E30B53F614A43D5E397667 /* EntityManagerPerformanceTests.swift */,
			);
			path = Common;
			sourceTree = "<group>";
		};
		3C1FB02C884A0D503023713A /* Unit */ = {
			isa = PBXGroup;
			children = (
				F8388C527B40F0BD64B07749 /* ChunkEntityMigratorTests.swift */,
				E3FCB2318077F33A3F59F53D /* ChunkMemoryLayoutDescriptionBuilderTests.swift */,
				8C11699E0ADDFABB86E844B3 /* ChunkMemotyLayoutDescriptionTests.swift */,
				423009D656529D69CF8D9893 /* ComponentManagerTests.swift */,
				7379BFE4116BB42AE4F93A9E /* ComponentSystemTests.swift */,
				6A88287CE5BF7763D180F793 /* EntityManagerTests.swift */,
				0DD954F6ED0FDDFEE0862A3D /* EntityRequesterTests.swift */,
				F7615CCDE8495A857EA0D529 /* EntityTests.swift */,
				34FF73E4A6EE9A6A878363FC /* ExcludesTests.swift */,
				56920CD4A22B142E09CAFE56 /* ManagedMemoryBlobTests.swift */,
				D85B554FAE6D01CC32D01F0E /* PrototypeBuilderTests.swift */,
				7667093B2725BECD4139C8A7 /* RequiresTests.swift */,
				AE9B3438094ABEC7F6A0B884 /* WorldTests.swift */,
			);
			path = Unit;
			sourceTree = "<group>";
		};
		4B830C958837306FE0C6087B /* Common */ = {
			isa = PBXGroup;
			children = (
				FD96B6A6EDAE5EAE8E11C6D4 /* Querying */,
			);
			path = Common;
			sourceTree = "<group>";
		};
		4DCDB51D82D204AB01E214C9 /* ECSTests */ = {
			isa = PBXGroup;
			children = (
				7B13290D2B79562615FDD56F /* Autogenerated */,
				CF9CBA865A1E5047A06CD68D /* Performance */,
				3C1FB02C884A0D503023713A /* Unit */,
				7F2740294881AC2723E1F65F /* Info.plist */,
			);
			path = ECSTests;
			sourceTree = "<group>";
		};
		53221126E054C784B93B04A7 /* Prototype */ = {
			isa = PBXGroup;
			children = (
				81E5AE9995918D735BAA23F1 /* Management */,
				FDF1C25817617071A3149196 /* Memory */,
				7FCE0911DD11174A46A9AB7B /* Querying */,
				22D91D64FCAB57EE2868A87F /* Utilities */,
			);
			path = Prototype;
			sourceTree = "<group>";
		};
		6AE5F1F490401B7C477ED253 /* ECS */ = {
			isa = PBXGroup;
			children = (
				E31EBF26E1E3BF6BDA32CA79 /* Autogenerated */,
				4B830C958837306FE0C6087B /* Common */,
				75CA742913EE82CD1546E1ED /* Core */,
				53221126E054C784B93B04A7 /* Prototype */,
				A49B975AEE38F2B692A60905 /* ECS.h */,
				32E755B054E51DE99A51C8D2 /* Info.plist */,
			);
			path = ECS;
			sourceTree = "<group>";
		};
		75CA742913EE82CD1546E1ED /* Core */ = {
			isa = PBXGroup;
			children = (
				084911CFCA9B46772005C63A /* Components */,
				DC5D431468E83944C2C0B125 /* Entities */,
				78ED2418E87873C05EB8D396 /* Querying */,
				DECB31B2432B39BF3B1A1354 /* Systems */,
				BBD0957372707432BFD9B21B /* World.swift */,
			);
			path = Core;
			sourceTree = "<group>";
		};
		78ED2418E87873C05EB8D396 /* Querying */ = {
			isa = PBXGroup;
			children = (
				9858EAB55B04CF060040755F /* EntityRequester.swift */,
				88D2D62C24B42429D7426757 /* PEntityFIlter.swift */,
				25D3EC39F66B464C66BA1120 /* PEntityQuery.swift */,
			);
			path = Querying;
			sourceTree = "<group>";
		};
		7B13290D2B79562615FDD56F /* Autogenerated */ = {
			isa = PBXGroup;
			children = (
				A4FBAF01CEDFF0130045D8D5 /* AutoMockable.generated.swift */,
			);
			path = Autogenerated;
			sourceTree = "<group>";
		};
		7FCE0911DD11174A46A9AB7B /* Querying */ = {
			isa = PBXGroup;
			children = (
				0E86F4D57F4A4C74AC073EB8 /* PChunkFilter.swift */,
				158A640344B7D4C95C28372C /* EntityQuery.swift */,
				B6FD1EC53B4BBEA9FCB2F8DD /* EntityQueryResult.swift */,
			);
			path = Querying;
			sourceTree = "<group>";
		};
		81E5AE9995918D735BAA23F1 /* Management */ = {
			isa = PBXGroup;
			children = (
				581EE702C8BC757E785D31D2 /* ComponentManager.swift */,
			);
			path = Management;
			sourceTree = "<group>";
		};
		86BA03E4947EB2F9F516FF16 /* Products */ = {
			isa = PBXGroup;
			children = (
				3DADA7B0E72F4A176045D8D4 /* Example.app */,
				5960CC6B177C4A44ED7FAEFF /* LionECS.framework */,
				7E56C5F832DFD86C5CD8823A /* LionECSTests.xctest */,
			);
			name = Products;
			sourceTree = "<group>";
		};
		93711CF7505487183B165796 /* Prototype */ = {
			isa = PBXGroup;
			children = (
				E078EE80F26136939256C36A /* ChunkEntityMigratorPerformanceTests.swift */,
				CB70EF919F77BA782C6EEA0E /* ChunkMemoryManagerPerformanceTests.swift */,
				B654FA7B5EE3CC852808EC82 /* ComponentAccessorPerformanceTests.swift */,
				F8DEB6051093852B832869C4 /* EntityAccessorPerformanceTests.swift */,
				BA11DEF63CD5CCE08496B44E /* EntityDataAccessorPerformanceTests.swift */,
				CFA394129E1E6FF93E544AE0 /* EntityQueryPerformanceTests.swift */,
				9C6AAD754D7B6C9403904F27 /* PrototypeComponentManagersPerformanceTests.swift */,
			);
			path = Prototype;
			sourceTree = "<group>";
		};
		BA3EB53CC36F8F788EBD7E84 /* Components */ = {
			isa = PBXGroup;
			children = (
				7F634C97A679EF89DE65C196 /* DamageComponent.swift */,
				9B7C13446133AC091EA9B4C3 /* DeadComponent.swift */,
				A537C3E16316AAC9B6406606 /* HealthComponent.swift */,
			);
			path = Components;
			sourceTree = "<group>";
		};
		BDD7DD68069CB7F77C64DA95 /* Example */ = {
			isa = PBXGroup;
			children = (
				BA3EB53CC36F8F788EBD7E84 /* Components */,
				D40B5C7F3DC62B8410A61263 /* Preview Content */,
				CF1220B47378AB099CF89AE6 /* Systems */,
				DBDB8D1E8F6C0FA235848949 /* AppDelegate.swift */,
				131147088A662A27414C62A4 /* Assets.xcassets */,
				1B1F62EB8E4C73CA43FD4CC0 /* ContentView.swift */,
				5B2B27C067B21C763BB2DBAB /* Example.entitlements */,
				F18480C0289CED1856FA9AAB /* Game.swift */,
				3E39ABA2CE4048F4066542F1 /* Info.plist */,
				319218F95235E504B3CEA1CF /* Main.storyboard */,
			);
			path = Example;
			sourceTree = "<group>";
		};
		CD360405CD79CBC9DE8217D7 /* Configurations */ = {
			isa = PBXGroup;
			children = (
				6D4682BC4A39121C9E4C646A /* Common.xcconfig */,
				B3DD2F4B8B615B01768B6CFB /* Debug.xcconfig */,
				1E3A7CAE67E218570E574297 /* Release.xcconfig */,
			);
			path = Configurations;
			sourceTree = "<group>";
		};
		CF1220B47378AB099CF89AE6 /* Systems */ = {
			isa = PBXGroup;
			children = (
				BFFB6ACBF0E9FB448AD5ED11 /* DamageSystem.swift */,
				F19A033523D3A14500BE92A6 /* DeathSystem.swift */,
			);
			path = Systems;
			sourceTree = "<group>";
		};
		CF9CBA865A1E5047A06CD68D /* Performance */ = {
			isa = PBXGroup;
			children = (
				2FFDB7E8EF4BBC1919F78DA1 /* Common */,
				93711CF7505487183B165796 /* Prototype */,
			);
			path = Performance;
			sourceTree = "<group>";
		};
		D40B5C7F3DC62B8410A61263 /* Preview Content */ = {
			isa = PBXGroup;
			children = (
				CD4864087984EE5588DA5571 /* Preview Assets.xcassets */,
			);
			path = "Preview Content";
			sourceTree = "<group>";
		};
		D9429FAD03D61305FFC636C5 /* Filters */ = {
			isa = PBXGroup;
			children = (
				599546CD714D2F161CED2319 /* Excludes.swift */,
				B662F93FC8358696B6974A37 /* Requires.swift */,
			);
			path = Filters;
			sourceTree = "<group>";
		};
		DC5D431468E83944C2C0B125 /* Entities */ = {
			isa = PBXGroup;
			children = (
				B6CA8BFE409043DA9A6C8DDF /* Entity.swift */,
				B05D44B2FACC624C711396FB /* EntityManager.swift */,
			);
			path = Entities;
			sourceTree = "<group>";
		};
		DECB31B2432B39BF3B1A1354 /* Systems */ = {
			isa = PBXGroup;
			children = (
				BD16017028F6289A6EB32B5D /* ComponentSystem.swift */,
				ADDFA40754A88120B7147B99 /* PCreatableSystem.swift */,
				B88EA79F60513B35C7D27BEB /* PSystem.swift */,
			);
			path = Systems;
			sourceTree = "<group>";
		};
		E31EBF26E1E3BF6BDA32CA79 /* Autogenerated */ = {
			isa = PBXGroup;
			children = (
				910A27D1441EBC9BCBD9D6CD /* AutoChunk+PComponentsSettable.generated.swift */,
				D722ABA520781D398B206472 /* AutoChunk+PEntityIterable.generated.swift */,
				3A2FAFEB7246814960270139 /* AutoEntityQueryResult.generated.swift */,
				4CF6D450D87929EB7247087D /* AutoPEntityIterable.generated.swift */,
			);
			path = Autogenerated;
			sourceTree = "<group>";
		};
		E9E77756ADF3FB558C85772F /* Pods */ = {
			isa = PBXGroup;
			children = (
				590643E6253F4E8347D30EF3 /* Pods-Example.debug.xcconfig */,
				C0FC5F6B60050566ED4D4324 /* Pods-Example.release.xcconfig */,
				C0EB86BC9C31FE36A714EC4D /* Pods-LionECS.debug.xcconfig */,
				26632EA64DD4237243FCC4E8 /* Pods-LionECS.release.xcconfig */,
				BB431E639A9DC056DAD67E09 /* Pods-LionECSTests.debug.xcconfig */,
				0580E1B0BCEC712593ABDE53 /* Pods-LionECSTests.release.xcconfig */,
			);
			path = Pods;
			sourceTree = "<group>";
		};
		F352CC0345F5EF25466D69F6 /* Frameworks */ = {
			isa = PBXGroup;
			children = (
				245A727E0F378FC56BA7332F /* Pods_Example.framework */,
				8E53368AA69EB850C5FFBD32 /* Pods_LionECS.framework */,
				84B9A8A214EF30CF43E9DE53 /* Pods_LionECSTests.framework */,
			);
			name = Frameworks;
			sourceTree = "<group>";
		};
		FD96B6A6EDAE5EAE8E11C6D4 /* Querying */ = {
			isa = PBXGroup;
			children = (
				D9429FAD03D61305FFC636C5 /* Filters */,
			);
			path = Querying;
			sourceTree = "<group>";
		};
		FDF1C25817617071A3149196 /* Memory */ = {
			isa = PBXGroup;
			children = (
				1D3BCD3FF8F873F08BDFDB9F /* Chunk.swift */,
				4DD700B3110C89AF148DA4BE /* ChunkEntityMigrator.swift */,
				89117BADF1A45F8077945555 /* ChunkError.swift */,
				121D15BCE51461ACF9C893D2 /* ChunkMemoryLayoutDescription.swift */,
				18C905057339B93C21B30980 /* ChunkMemoryLayoutDescriptionBuilder.swift */,
				F85132BB6C9987097C094F3B /* ChunkMemoryManager.swift */,
				E22B469284C6DFDA558B0C35 /* ComponentAccessor.swift */,
				0599E3248B26DC09F09A334A /* ComponentAccessorFactory.swift */,
				6E95E1438B7CAC5AD5F8142D /* ComponentLayoutDescription.swift */,
				8AABE22B58587839AEAA2F66 /* EntityAccessor.swift */,
				D0D53FA7539A42687CE71BF6 /* EntityDataAccessor.swift */,
				292E876E92F75C2BDDBCFF0E /* ManagedMemoryBlob.swift */,
				910A54BCA67A80890F0466D9 /* PChunk.swift */,
				D066E252361ED669B2FE76B4 /* PChunkEntityMigrator.swift */,
				73BD206A147C125DAE2E7D1F /* PComponentAccesorFactory.swift */,
				22EE47BAEF03B432DA43F0B8 /* PComponentAccessor.swift */,
				769546E264F1714D7FDE1BAF /* PEntityAccessor.swift */,
				6DD5571F0924D7729B79B747 /* PEntityDataAccessor.swift */,
				850521BFF40EC16E513A4A8D /* PMemoryManager.swift */,
			);
			path = Memory;
			sourceTree = "<group>";
		};
/* End PBXGroup section */

/* Begin PBXHeadersBuildPhase section */
		036048FF31EE2C76DD6E52C1 /* Headers */ = {
			isa = PBXHeadersBuildPhase;
			buildActionMask = 2147483647;
			files = (
				F0C83026C3BC1455F3CB74B7 /* ECS.h in Headers */,
			);
			runOnlyForDeploymentPostprocessing = 0;
		};
/* End PBXHeadersBuildPhase section */

/* Begin PBXNativeTarget section */
		159E2294DBE34D99C0317C27 /* LionECSTests */ = {
			isa = PBXNativeTarget;
			buildConfigurationList = A5DC59AB6CB9027EAAE69769 /* Build configuration list for PBXNativeTarget "LionECSTests" */;
			buildPhases = (
				6DA0EC25B496B4CF84440D9C /* [CP] Check Pods Manifest.lock */,
				876E7223F74AB84C48E5869A /* Sources */,
				9F4DA5C4E8F8B342BACC8E08 /* Frameworks */,
				DE5493FEAC6B9FF1B359BCEF /* Embed Frameworks */,
			);
			buildRules = (
			);
			dependencies = (
				B3BE4CAD506AE3363D2F82AC /* PBXTargetDependency */,
			);
			name = LionECSTests;
			productName = LionECSTests;
			productReference = 7E56C5F832DFD86C5CD8823A /* LionECSTests.xctest */;
			productType = "com.apple.product-type.bundle.unit-test";
		};
		857D7C68320F0856FEFA81CB /* LionECS */ = {
			isa = PBXNativeTarget;
			buildConfigurationList = 33B421F22A1AC4FB6A0790ED /* Build configuration list for PBXNativeTarget "LionECS" */;
			buildPhases = (
				40EEDF77CEB236A3881BB53E /* [CP] Check Pods Manifest.lock */,
				036048FF31EE2C76DD6E52C1 /* Headers */,
				09A71FEA5999DCB21BAAFC29 /* Sources */,
				FC9BE7F97EAAA698F8308218 /* Frameworks */,
			);
			buildRules = (
			);
			dependencies = (
			);
			name = LionECS;
			productName = LionECS;
			productReference = 5960CC6B177C4A44ED7FAEFF /* LionECS.framework */;
			productType = "com.apple.product-type.framework";
		};
		C8FC6B5A9A8BC954FC8251FF /* Example */ = {
			isa = PBXNativeTarget;
			buildConfigurationList = B48EC98C46F5EB3EFA5EFB6A /* Build configuration list for PBXNativeTarget "Example" */;
			buildPhases = (
				612BAB86853D3648594A850A /* [CP] Check Pods Manifest.lock */,
				E9D1A978D645B9B5448F3489 /* Sources */,
				C85A0323C796DFE462BDB4EE /* Resources */,
				E9B54F57CA06E79CFE86AB44 /* Frameworks */,
				C641362305FDCC6AD169D05D /* Embed Frameworks */,
				C79C5C5163B78967F4D046F0 /* SwiftLint */,
			);
			buildRules = (
			);
			dependencies = (
				F8E82ACD14F02F0314A65453 /* PBXTargetDependency */,
			);
			name = Example;
			productName = Example;
			productReference = 3DADA7B0E72F4A176045D8D4 /* Example.app */;
			productType = "com.apple.product-type.application";
		};
/* End PBXNativeTarget section */

/* Begin PBXProject section */
		2837F90DB4A9295539182B92 /* Project object */ = {
			isa = PBXProject;
			attributes = {
				LastUpgradeCheck = 1020;
				ORGANIZATIONNAME = LionSoftware;
				TargetAttributes = {
					159E2294DBE34D99C0317C27 = {
						ProvisioningStyle = Manual;
					};
					857D7C68320F0856FEFA81CB = {
						ProvisioningStyle = Manual;
					};
					C8FC6B5A9A8BC954FC8251FF = {
						ProvisioningStyle = Manual;
					};
				};
			};
			buildConfigurationList = CD0BDE1201C910AF5EF6A636 /* Build configuration list for PBXProject "LionECS" */;
			compatibilityVersion = "Xcode 10.0";
			developmentRegion = en;
			hasScannedForEncodings = 0;
			knownRegions = (
				en,
				Base,
			);
			mainGroup = 2F7E8153899402DF2BC6D791;
			productRefGroup = 86BA03E4947EB2F9F516FF16 /* Products */;
			projectDirPath = "";
			projectRoot = "";
			targets = (
				C8FC6B5A9A8BC954FC8251FF /* Example */,
				857D7C68320F0856FEFA81CB /* LionECS */,
				159E2294DBE34D99C0317C27 /* LionECSTests */,
			);
		};
/* End PBXProject section */

/* Begin PBXResourcesBuildPhase section */
		C85A0323C796DFE462BDB4EE /* Resources */ = {
			isa = PBXResourcesBuildPhase;
			buildActionMask = 2147483647;
			files = (
				ABAE1F7B7756CAABF4D1F2B3 /* Assets.xcassets in Resources */,
				4697EA791C8D945373464F7A /* Main.storyboard in Resources */,
				B4AC2033BF59760F07C2B7F4 /* Preview Assets.xcassets in Resources */,
			);
			runOnlyForDeploymentPostprocessing = 0;
		};
/* End PBXResourcesBuildPhase section */

/* Begin PBXShellScriptBuildPhase section */
		40EEDF77CEB236A3881BB53E /* [CP] Check Pods Manifest.lock */ = {
			isa = PBXShellScriptBuildPhase;
			buildActionMask = 2147483647;
			files = (
			);
			inputFileListPaths = (
			);
			inputPaths = (
				"${PODS_PODFILE_DIR_PATH}/Podfile.lock",
				"${PODS_ROOT}/Manifest.lock",
			);
			name = "[CP] Check Pods Manifest.lock";
			outputFileListPaths = (
			);
			outputPaths = (
				"$(DERIVED_FILE_DIR)/Pods-LionECS-checkManifestLockResult.txt",
			);
			runOnlyForDeploymentPostprocessing = 0;
			shellPath = /bin/sh;
			shellScript = "diff \"${PODS_PODFILE_DIR_PATH}/Podfile.lock\" \"${PODS_ROOT}/Manifest.lock\" > /dev/null\nif [ $? != 0 ] ; then\n    # print error to STDERR\n    echo \"error: The sandbox is not in sync with the Podfile.lock. Run 'pod install' or update your CocoaPods installation.\" >&2\n    exit 1\nfi\n# This output is used by Xcode 'outputs' to avoid re-running this script phase.\necho \"SUCCESS\" > \"${SCRIPT_OUTPUT_FILE_0}\"\n";
			showEnvVarsInLog = 0;
		};
		612BAB86853D3648594A850A /* [CP] Check Pods Manifest.lock */ = {
			isa = PBXShellScriptBuildPhase;
			buildActionMask = 2147483647;
			files = (
			);
			inputFileListPaths = (
			);
			inputPaths = (
				"${PODS_PODFILE_DIR_PATH}/Podfile.lock",
				"${PODS_ROOT}/Manifest.lock",
			);
			name = "[CP] Check Pods Manifest.lock";
			outputFileListPaths = (
			);
			outputPaths = (
				"$(DERIVED_FILE_DIR)/Pods-Example-checkManifestLockResult.txt",
			);
			runOnlyForDeploymentPostprocessing = 0;
			shellPath = /bin/sh;
			shellScript = "diff \"${PODS_PODFILE_DIR_PATH}/Podfile.lock\" \"${PODS_ROOT}/Manifest.lock\" > /dev/null\nif [ $? != 0 ] ; then\n    # print error to STDERR\n    echo \"error: The sandbox is not in sync with the Podfile.lock. Run 'pod install' or update your CocoaPods installation.\" >&2\n    exit 1\nfi\n# This output is used by Xcode 'outputs' to avoid re-running this script phase.\necho \"SUCCESS\" > \"${SCRIPT_OUTPUT_FILE_0}\"\n";
			showEnvVarsInLog = 0;
		};
		6DA0EC25B496B4CF84440D9C /* [CP] Check Pods Manifest.lock */ = {
			isa = PBXShellScriptBuildPhase;
			buildActionMask = 2147483647;
			files = (
			);
			inputFileListPaths = (
			);
			inputPaths = (
				"${PODS_PODFILE_DIR_PATH}/Podfile.lock",
				"${PODS_ROOT}/Manifest.lock",
			);
			name = "[CP] Check Pods Manifest.lock";
			outputFileListPaths = (
			);
			outputPaths = (
				"$(DERIVED_FILE_DIR)/Pods-LionECSTests-checkManifestLockResult.txt",
			);
			runOnlyForDeploymentPostprocessing = 0;
			shellPath = /bin/sh;
			shellScript = "diff \"${PODS_PODFILE_DIR_PATH}/Podfile.lock\" \"${PODS_ROOT}/Manifest.lock\" > /dev/null\nif [ $? != 0 ] ; then\n    # print error to STDERR\n    echo \"error: The sandbox is not in sync with the Podfile.lock. Run 'pod install' or update your CocoaPods installation.\" >&2\n    exit 1\nfi\n# This output is used by Xcode 'outputs' to avoid re-running this script phase.\necho \"SUCCESS\" > \"${SCRIPT_OUTPUT_FILE_0}\"\n";
			showEnvVarsInLog = 0;
		};
		C79C5C5163B78967F4D046F0 /* SwiftLint */ = {
			isa = PBXShellScriptBuildPhase;
			buildActionMask = 2147483647;
			files = (
			);
			inputFileListPaths = (
			);
			inputPaths = (
			);
			name = SwiftLint;
			outputFileListPaths = (
			);
			outputPaths = (
			);
			runOnlyForDeploymentPostprocessing = 0;
			shellPath = /bin/sh;
			shellScript = "\"${PODS_ROOT}/SwiftLint/swiftlint\"\n";
		};
/* End PBXShellScriptBuildPhase section */

/* Begin PBXSourcesBuildPhase section */
		09A71FEA5999DCB21BAAFC29 /* Sources */ = {
			isa = PBXSourcesBuildPhase;
			buildActionMask = 2147483647;
			files = (
				D5925EBD078F6448BC1C5ECF /* AutoChunk+PComponentsSettable.generated.swift in Sources */,
				7BD9321ED764E231B9891FE1 /* AutoChunk+PEntityIterable.generated.swift in Sources */,
				755933B9DF42651A1AD2C831 /* AutoEntityQueryResult.generated.swift in Sources */,
				5AF0E40F59E14868CC0B6337 /* AutoPEntityIterable.generated.swift in Sources */,
				A7BF49359504E10A39C6BCDF /* Chunk.swift in Sources */,
				8E4A9306947B853E4FF83B37 /* ChunkEntityMigrator.swift in Sources */,
				08FBB359D1C0E860D68AA3D7 /* ChunkError.swift in Sources */,
				71CE924D0B621DA28A9DF5A4 /* ChunkMemoryLayoutDescription.swift in Sources */,
				7F00BC84E9DACE2433EBCFC9 /* ChunkMemoryLayoutDescriptionBuilder.swift in Sources */,
				64A7563E9AB362A8CB2FDEF2 /* ChunkMemoryManager.swift in Sources */,
				1865C79E9E6B08E13847BCA5 /* ComponentAccessor.swift in Sources */,
				453410EB6897104A9ED9ED77 /* ComponentAccessorFactory.swift in Sources */,
				C5D6754E6CEA1A0B943386EB /* ComponentIdentifier.swift in Sources */,
				0B7B647E66F85257D7718262 /* ComponentLayoutDescription.swift in Sources */,
				8DAFBBF56A80FCD64D8FA338 /* ComponentManager.swift in Sources */,
				10A47ED851B8DE7B3D0A7C66 /* ComponentManagerError.swift in Sources */,
				4AA4701736BE4309C6D91E72 /* ComponentSystem.swift in Sources */,
				4A73AC97B210599620881D7F /* Entity.swift in Sources */,
				D393B4461F61E51638636D06 /* EntityAccessor.swift in Sources */,
				E36B765838CFEDDC8E441462 /* EntityDataAccessor.swift in Sources */,
				DF6F3D6E06558A7FFD461D1A /* EntityManager.swift in Sources */,
				3721C19549EA262274E58E70 /* EntityRequester.swift in Sources */,
				07CAE9E1002602E6A782301C /* Excludes.swift in Sources */,
				90C64033C7D718CE8DBC776C /* ManagedMemoryBlob.swift in Sources */,
				F416160C95D81DE9A0407999 /* PChunk.swift in Sources */,
				AE217B6304C224B0C14F71AA /* PChunkEntityMigrator.swift in Sources */,
				2F1F59F6FF25E011063F3344 /* PChunkFilter.swift in Sources */,
				9E1D79204746E3292A1D9497 /* PComponent.swift in Sources */,
				2114E968C26B9403D8639803 /* PComponentAccesorFactory.swift in Sources */,
				1221837E4402D8ED6102CFAF /* PComponentAccessor.swift in Sources */,
				5D8625D68B20C93AE3EFAE6A /* PComponentManager.swift in Sources */,
				9F3ADD26950D9D7697DDCA48 /* PCreatableSystem.swift in Sources */,
				BE2D5EBA1484219EC75BD627 /* PEntityAccessor.swift in Sources */,
				C03DBF7A7A8581E9C26A335C /* PEntityDataAccessor.swift in Sources */,
				C35E686B9DC97BF42B82D2E5 /* PEntityFIlter.swift in Sources */,
				70372A09FF48A5A7FA58FEF0 /* PEntityQuery.swift in Sources */,
				84F8AC252D076602128BB11B /* PMemoryManager.swift in Sources */,
				80A952D558F482E44A8B8A1C /* PSystem.swift in Sources */,
				9952944D3EE896F0D7175D61 /* Prototype.swift in Sources */,
				E64D14351F860A9282C3518C /* PrototypeBuilder.swift in Sources */,
				FCD6C375DB3D586BFD0688D9 /* EntityQuery.swift in Sources */,
				DB0359294B002C625A163610 /* EntityQueryResult.swift in Sources */,
				834080CB729ADE432EC6E92D /* Requires.swift in Sources */,
				3BADCFAE3CA88601E0CF40C5 /* World.swift in Sources */,
			);
			runOnlyForDeploymentPostprocessing = 0;
		};
		876E7223F74AB84C48E5869A /* Sources */ = {
			isa = PBXSourcesBuildPhase;
			buildActionMask = 2147483647;
			files = (
				A34D2891C61BA020F7D0D69B /* AutoMockable.generated.swift in Sources */,
				4F54B613F212FC99AEDD306C /* ChunkEntityMigratorPerformanceTests.swift in Sources */,
				324D6DEFBFCFF58325011950 /* ChunkEntityMigratorTests.swift in Sources */,
				73D1EBC40FF5449CCE9B6AB2 /* ChunkMemoryLayoutDescriptionBuilderTests.swift in Sources */,
				81E849CADDEB8CF16A6049DA /* ChunkMemoryManagerPerformanceTests.swift in Sources */,
				FD96E2AE56F01B3514E0622C /* ChunkMemotyLayoutDescriptionTests.swift in Sources */,
				8B2CCFDCA5B3D16A26E8DA24 /* ComponentAccessorPerformanceTests.swift in Sources */,
				713F65B0AD5AD99163183D80 /* ComponentManagerTests.swift in Sources */,
				365AA77756CA0A6B450616F4 /* ComponentSystemTests.swift in Sources */,
				D31673E562C1EAF1E5909552 /* EntityAccessorPerformanceTests.swift in Sources */,
				D11D1F53CC56AAD308CDE9CE /* EntityDataAccessorPerformanceTests.swift in Sources */,
				0EAC7A854964A32D90A1DB00 /* EntityManagerPerformanceTests.swift in Sources */,
				5B2CF90AF453B7236E0EAE83 /* EntityManagerTests.swift in Sources */,
				73FB62FB75B74CD4A69973F9 /* EntityQueryPerformanceTests.swift in Sources */,
				2A5FF638A9F2ACC748569B73 /* EntityRequesterTests.swift in Sources */,
				EA2A6F64EC7735EC98CA250B /* EntityTests.swift in Sources */,
				86DB7BC1538109750270A8DF /* ExcludesTests.swift in Sources */,
				CF02D40A329468CE6BEA2D3F /* ManagedMemoryBlobTests.swift in Sources */,
				0B93AB82FC2E75CA67D3FA90 /* PrototypeBuilderTests.swift in Sources */,
				A47996CA86EA5A772F072CFE /* PrototypeComponentManagersPerformanceTests.swift in Sources */,
				2FA3FB0A2EA9217C577C9106 /* RequiresTests.swift in Sources */,
				9D489CE34C380D7B44701022 /* WorldTests.swift in Sources */,
			);
			runOnlyForDeploymentPostprocessing = 0;
		};
		E9D1A978D645B9B5448F3489 /* Sources */ = {
			isa = PBXSourcesBuildPhase;
			buildActionMask = 2147483647;
			files = (
				EBDB487A5FEA142D04ECA700 /* AppDelegate.swift in Sources */,
				F3C0812F7F5C1042E10DC4E2 /* ContentView.swift in Sources */,
				7C07A6017A121649B155707F /* DamageComponent.swift in Sources */,
				CF51136928A58C94DF01BE9B /* DamageSystem.swift in Sources */,
				06E37D5CC752ECEFFC5AA196 /* DeadComponent.swift in Sources */,
				8B3152115324817A00C6D410 /* Game.swift in Sources */,
				1240CAB71C1F2A16627C78A9 /* HealthComponent.swift in Sources */,
				F19A033623D3A14500BE92A6 /* DeathSystem.swift in Sources */,
			);
			runOnlyForDeploymentPostprocessing = 0;
		};
/* End PBXSourcesBuildPhase section */

/* Begin PBXTargetDependency section */
		B3BE4CAD506AE3363D2F82AC /* PBXTargetDependency */ = {
			isa = PBXTargetDependency;
			target = 857D7C68320F0856FEFA81CB /* LionECS */;
			targetProxy = 98E92ED842744D77C9E4E0A0 /* PBXContainerItemProxy */;
		};
		F8E82ACD14F02F0314A65453 /* PBXTargetDependency */ = {
			isa = PBXTargetDependency;
			target = 857D7C68320F0856FEFA81CB /* LionECS */;
			targetProxy = 7D66D9CDF818512BC47B5041 /* PBXContainerItemProxy */;
		};
/* End PBXTargetDependency section */

/* Begin PBXVariantGroup section */
		319218F95235E504B3CEA1CF /* Main.storyboard */ = {
			isa = PBXVariantGroup;
			children = (
				1D0556E5BDE136E9B69E1F85 /* Base */,
			);
			name = Main.storyboard;
			sourceTree = "<group>";
		};
/* End PBXVariantGroup section */

/* Begin XCBuildConfiguration section */
		04DF09720B6296C66346999E /* Release */ = {
			isa = XCBuildConfiguration;
			baseConfigurationReference = 26632EA64DD4237243FCC4E8 /* Pods-LionECS.release.xcconfig */;
			buildSettings = {
				CODE_SIGN_IDENTITY = "";
				COMBINE_HIDPI_IMAGES = YES;
				CURRENT_PROJECT_VERSION = 1;
				DEFINES_MODULE = YES;
				DYLIB_COMPATIBILITY_VERSION = 1;
				DYLIB_CURRENT_VERSION = 1;
				DYLIB_INSTALL_NAME_BASE = "@rpath";
				INFOPLIST_FILE = ECS/Info.plist;
				INSTALL_PATH = "$(LOCAL_LIBRARY_DIR)/Frameworks";
				LD_RUNPATH_SEARCH_PATHS = (
					"$(inherited)",
					"@executable_path/../Frameworks",
				);
				PRODUCT_BUNDLE_IDENTIFIER = "$(ECS_BUNDLE_IDENTIFIER)";
				PROVISIONING_PROFILE_SPECIFIER = "$(ECS_PROVISIONING_PROFILE_SPECIFIER)";
				SDKROOT = macosx;
				SKIP_INSTALL = YES;
			};
			name = Release;
		};
		088F7BDB9BF8CAC193C1A996 /* Release */ = {
			isa = XCBuildConfiguration;
			baseConfigurationReference = C0FC5F6B60050566ED4D4324 /* Pods-Example.release.xcconfig */;
			buildSettings = {
				ASSETCATALOG_COMPILER_APPICON_NAME = AppIcon;
				COMBINE_HIDPI_IMAGES = YES;
				CURRENT_PROJECT_VERSION = 1;
				INFOPLIST_FILE = Example/Info.plist;
				LD_RUNPATH_SEARCH_PATHS = (
					"$(inherited)",
					"@executable_path/../Frameworks",
				);
				SDKROOT = macosx;
			};
			name = Release;
		};
		0DE4B0E3E7E60E0BD66B2061 /* Release */ = {
			isa = XCBuildConfiguration;
			baseConfigurationReference = 1E3A7CAE67E218570E574297 /* Release.xcconfig */;
			buildSettings = {
				ALWAYS_SEARCH_USER_PATHS = NO;
				CLANG_ANALYZER_NONNULL = YES;
				CLANG_ANALYZER_NUMBER_OBJECT_CONVERSION = YES_AGGRESSIVE;
				CLANG_CXX_LANGUAGE_STANDARD = "gnu++14";
				CLANG_CXX_LIBRARY = "libc++";
				CLANG_ENABLE_MODULES = YES;
				CLANG_ENABLE_OBJC_ARC = YES;
				CLANG_WARN_BLOCK_CAPTURE_AUTORELEASING = YES;
				CLANG_WARN_BOOL_CONVERSION = YES;
				CLANG_WARN_COMMA = YES;
				CLANG_WARN_CONSTANT_CONVERSION = YES;
				CLANG_WARN_DEPRECATED_OBJC_IMPLEMENTATIONS = YES;
				CLANG_WARN_DIRECT_OBJC_ISA_USAGE = YES_ERROR;
				CLANG_WARN_DOCUMENTATION_COMMENTS = YES;
				CLANG_WARN_EMPTY_BODY = YES;
				CLANG_WARN_ENUM_CONVERSION = YES;
				CLANG_WARN_INFINITE_RECURSION = YES;
				CLANG_WARN_INT_CONVERSION = YES;
				CLANG_WARN_NON_LITERAL_NULL_CONVERSION = YES;
				CLANG_WARN_OBJC_IMPLICIT_RETAIN_SELF = YES;
				CLANG_WARN_OBJC_LITERAL_CONVERSION = YES;
				CLANG_WARN_OBJC_ROOT_CLASS = YES_ERROR;
				CLANG_WARN_RANGE_LOOP_ANALYSIS = YES;
				CLANG_WARN_STRICT_PROTOTYPES = YES;
				CLANG_WARN_SUSPICIOUS_MOVE = YES;
				CLANG_WARN_UNGUARDED_AVAILABILITY = YES_AGGRESSIVE;
				CLANG_WARN_UNREACHABLE_CODE = YES;
				CLANG_WARN__DUPLICATE_METHOD_MATCH = YES;
				COPY_PHASE_STRIP = NO;
				ENABLE_NS_ASSERTIONS = NO;
				ENABLE_STRICT_OBJC_MSGSEND = YES;
				GCC_C_LANGUAGE_STANDARD = gnu11;
				GCC_NO_COMMON_BLOCKS = YES;
				GCC_WARN_64_TO_32_BIT_CONVERSION = YES;
				GCC_WARN_ABOUT_RETURN_TYPE = YES_ERROR;
				GCC_WARN_UNDECLARED_SELECTOR = YES;
				GCC_WARN_UNINITIALIZED_AUTOS = YES_AGGRESSIVE;
				GCC_WARN_UNUSED_FUNCTION = YES;
				GCC_WARN_UNUSED_VARIABLE = YES;
				IPHONEOS_DEPLOYMENT_TARGET = 11.0;
				MACOSX_DEPLOYMENT_TARGET = 10.15;
				PRODUCT_NAME = "$(TARGET_NAME)";
				SDKROOT = macosx;
				VALIDATE_PRODUCT = YES;
			};
			name = Release;
		};
		6C6BD4FBC10CD159598DE50A /* Debug */ = {
			isa = XCBuildConfiguration;
			baseConfigurationReference = C0EB86BC9C31FE36A714EC4D /* Pods-LionECS.debug.xcconfig */;
			buildSettings = {
				CODE_SIGN_IDENTITY = "";
				COMBINE_HIDPI_IMAGES = YES;
				CURRENT_PROJECT_VERSION = 1;
				DEFINES_MODULE = YES;
				DYLIB_COMPATIBILITY_VERSION = 1;
				DYLIB_CURRENT_VERSION = 1;
				DYLIB_INSTALL_NAME_BASE = "@rpath";
				INFOPLIST_FILE = ECS/Info.plist;
				INSTALL_PATH = "$(LOCAL_LIBRARY_DIR)/Frameworks";
				LD_RUNPATH_SEARCH_PATHS = (
					"$(inherited)",
					"@executable_path/../Frameworks",
				);
				PRODUCT_BUNDLE_IDENTIFIER = "$(ECS_BUNDLE_IDENTIFIER)";
				PROVISIONING_PROFILE_SPECIFIER = "$(ECS_PROVISIONING_PROFILE_SPECIFIER)";
				SDKROOT = macosx;
				SKIP_INSTALL = YES;
			};
			name = Debug;
		};
		8413C45B0C99007A3D8899C0 /* Debug */ = {
			isa = XCBuildConfiguration;
			baseConfigurationReference = 590643E6253F4E8347D30EF3 /* Pods-Example.debug.xcconfig */;
			buildSettings = {
				ASSETCATALOG_COMPILER_APPICON_NAME = AppIcon;
				COMBINE_HIDPI_IMAGES = YES;
				CURRENT_PROJECT_VERSION = 1;
				INFOPLIST_FILE = Example/Info.plist;
				LD_RUNPATH_SEARCH_PATHS = (
					"$(inherited)",
					"@executable_path/../Frameworks",
				);
				SDKROOT = macosx;
			};
			name = Debug;
		};
		DF1BE8FDA57D1CDACD8D8990 /* Debug */ = {
			isa = XCBuildConfiguration;
			baseConfigurationReference = B3DD2F4B8B615B01768B6CFB /* Debug.xcconfig */;
			buildSettings = {
				ALWAYS_SEARCH_USER_PATHS = NO;
				CLANG_ANALYZER_NONNULL = YES;
				CLANG_ANALYZER_NUMBER_OBJECT_CONVERSION = YES_AGGRESSIVE;
				CLANG_CXX_LANGUAGE_STANDARD = "gnu++14";
				CLANG_CXX_LIBRARY = "libc++";
				CLANG_ENABLE_MODULES = YES;
				CLANG_ENABLE_OBJC_ARC = YES;
				CLANG_WARN_BLOCK_CAPTURE_AUTORELEASING = YES;
				CLANG_WARN_BOOL_CONVERSION = YES;
				CLANG_WARN_COMMA = YES;
				CLANG_WARN_CONSTANT_CONVERSION = YES;
				CLANG_WARN_DEPRECATED_OBJC_IMPLEMENTATIONS = YES;
				CLANG_WARN_DIRECT_OBJC_ISA_USAGE = YES_ERROR;
				CLANG_WARN_DOCUMENTATION_COMMENTS = YES;
				CLANG_WARN_EMPTY_BODY = YES;
				CLANG_WARN_ENUM_CONVERSION = YES;
				CLANG_WARN_INFINITE_RECURSION = YES;
				CLANG_WARN_INT_CONVERSION = YES;
				CLANG_WARN_NON_LITERAL_NULL_CONVERSION = YES;
				CLANG_WARN_OBJC_IMPLICIT_RETAIN_SELF = YES;
				CLANG_WARN_OBJC_LITERAL_CONVERSION = YES;
				CLANG_WARN_OBJC_ROOT_CLASS = YES_ERROR;
				CLANG_WARN_RANGE_LOOP_ANALYSIS = YES;
				CLANG_WARN_STRICT_PROTOTYPES = YES;
				CLANG_WARN_SUSPICIOUS_MOVE = YES;
				CLANG_WARN_UNGUARDED_AVAILABILITY = YES_AGGRESSIVE;
				CLANG_WARN_UNREACHABLE_CODE = YES;
				CLANG_WARN__DUPLICATE_METHOD_MATCH = YES;
				COPY_PHASE_STRIP = NO;
				ENABLE_STRICT_OBJC_MSGSEND = YES;
				ENABLE_TESTABILITY = YES;
				GCC_C_LANGUAGE_STANDARD = gnu11;
				GCC_DYNAMIC_NO_PIC = NO;
				GCC_NO_COMMON_BLOCKS = YES;
				GCC_PREPROCESSOR_DEFINITIONS = (
					"$(inherited)",
					"DEBUG=1",
				);
				GCC_WARN_64_TO_32_BIT_CONVERSION = YES;
				GCC_WARN_ABOUT_RETURN_TYPE = YES_ERROR;
				GCC_WARN_UNDECLARED_SELECTOR = YES;
				GCC_WARN_UNINITIALIZED_AUTOS = YES_AGGRESSIVE;
				GCC_WARN_UNUSED_FUNCTION = YES;
				GCC_WARN_UNUSED_VARIABLE = YES;
				IPHONEOS_DEPLOYMENT_TARGET = 11.0;
				MACOSX_DEPLOYMENT_TARGET = 10.15;
				MTL_ENABLE_DEBUG_INFO = YES;
				ONLY_ACTIVE_ARCH = YES;
				PRODUCT_NAME = "$(TARGET_NAME)";
				SDKROOT = macosx;
				SWIFT_ACTIVE_COMPILATION_CONDITIONS = DEBUG;
			};
			name = Debug;
		};
		E2F2C831E3017A9BC0E198DF /* Release */ = {
			isa = XCBuildConfiguration;
			baseConfigurationReference = 0580E1B0BCEC712593ABDE53 /* Pods-LionECSTests.release.xcconfig */;
			buildSettings = {
				BUNDLE_LOADER = "$(TEST_HOST)";
				COMBINE_HIDPI_IMAGES = YES;
				INFOPLIST_FILE = ECSTests/Info.plist;
				LD_RUNPATH_SEARCH_PATHS = (
					"$(inherited)",
					"@executable_path/../Frameworks",
					"@loader_path/../Frameworks",
				);
				PRODUCT_BUNDLE_IDENTIFIER = org.lionsoftware.lionengine.ecs.tests;
				PROVISIONING_PROFILE_SPECIFIER = "";
				SDKROOT = macosx;
			};
			name = Release;
		};
		EF4827E20712F00F2A3270B5 /* Debug */ = {
			isa = XCBuildConfiguration;
			baseConfigurationReference = BB431E639A9DC056DAD67E09 /* Pods-LionECSTests.debug.xcconfig */;
			buildSettings = {
				BUNDLE_LOADER = "$(TEST_HOST)";
				COMBINE_HIDPI_IMAGES = YES;
				INFOPLIST_FILE = ECSTests/Info.plist;
				LD_RUNPATH_SEARCH_PATHS = (
					"$(inherited)",
					"@executable_path/../Frameworks",
					"@loader_path/../Frameworks",
				);
				PRODUCT_BUNDLE_IDENTIFIER = org.lionsoftware.lionengine.ecs.tests;
				PROVISIONING_PROFILE_SPECIFIER = "";
				SDKROOT = macosx;
			};
			name = Debug;
		};
/* End XCBuildConfiguration section */

/* Begin XCConfigurationList section */
		33B421F22A1AC4FB6A0790ED /* Build configuration list for PBXNativeTarget "LionECS" */ = {
			isa = XCConfigurationList;
			buildConfigurations = (
				6C6BD4FBC10CD159598DE50A /* Debug */,
				04DF09720B6296C66346999E /* Release */,
			);
			defaultConfigurationIsVisible = 0;
			defaultConfigurationName = "";
		};
		A5DC59AB6CB9027EAAE69769 /* Build configuration list for PBXNativeTarget "LionECSTests" */ = {
			isa = XCConfigurationList;
			buildConfigurations = (
				EF4827E20712F00F2A3270B5 /* Debug */,
				E2F2C831E3017A9BC0E198DF /* Release */,
			);
			defaultConfigurationIsVisible = 0;
			defaultConfigurationName = "";
		};
		B48EC98C46F5EB3EFA5EFB6A /* Build configuration list for PBXNativeTarget "Example" */ = {
			isa = XCConfigurationList;
			buildConfigurations = (
				8413C45B0C99007A3D8899C0 /* Debug */,
				088F7BDB9BF8CAC193C1A996 /* Release */,
			);
			defaultConfigurationIsVisible = 0;
			defaultConfigurationName = "";
		};
		CD0BDE1201C910AF5EF6A636 /* Build configuration list for PBXProject "LionECS" */ = {
			isa = XCConfigurationList;
			buildConfigurations = (
				DF1BE8FDA57D1CDACD8D8990 /* Debug */,
				0DE4B0E3E7E60E0BD66B2061 /* Release */,
			);
			defaultConfigurationIsVisible = 0;
			defaultConfigurationName = Debug;
		};
/* End XCConfigurationList section */
	};
	rootObject = 2837F90DB4A9295539182B92 /* Project object */;
}
