// !$*UTF8*$!
{
	archiveVersion = 1;
	classes = {
	};
	objectVersion = 50;
	objects = {

/* Begin PBXBuildFile section */
		5CBB616F396468630BA6AE19 /* Pods_ECS_ECSTests.framework in Frameworks */ = {isa = PBXBuildFile; fileRef = 60531F6984E4D58BB4A4AA36 /* Pods_ECS_ECSTests.framework */; };
		E622C17445A72EA011569F12 /* Pods_ECS.framework in Frameworks */ = {isa = PBXBuildFile; fileRef = A6DC4976BFB379181B010EA1 /* Pods_ECS.framework */; };
		F149B09623BC3100007AD7D7 /* ECS.h in Headers */ = {isa = PBXBuildFile; fileRef = F149B09423BC3100007AD7D7 /* ECS.h */; settings = {ATTRIBUTES = (Public, ); }; };
		F149B09B23BC31D1007AD7D7 /* Entity.swift in Sources */ = {isa = PBXBuildFile; fileRef = F149B09A23BC31D1007AD7D7 /* Entity.swift */; };
		F149B0A323BC3230007AD7D7 /* EntityTests.swift in Sources */ = {isa = PBXBuildFile; fileRef = F149B0A223BC3230007AD7D7 /* EntityTests.swift */; };
		F149B0A523BC3230007AD7D7 /* ECS.framework in Frameworks */ = {isa = PBXBuildFile; fileRef = F149B09123BC3100007AD7D7 /* ECS.framework */; };
		F149B0AC23BC33C4007AD7D7 /* PComponent.swift in Sources */ = {isa = PBXBuildFile; fileRef = F149B0AB23BC33C4007AD7D7 /* PComponent.swift */; };
		F149B0AE23BC33CE007AD7D7 /* PSystem.swift in Sources */ = {isa = PBXBuildFile; fileRef = F149B0AD23BC33CE007AD7D7 /* PSystem.swift */; };
		F149B0B023BC3589007AD7D7 /* World.swift in Sources */ = {isa = PBXBuildFile; fileRef = F149B0AF23BC3589007AD7D7 /* World.swift */; };
		F149B0B423BC4067007AD7D7 /* AutoMockable.generated.swift in Sources */ = {isa = PBXBuildFile; fileRef = F149B0B323BC4067007AD7D7 /* AutoMockable.generated.swift */; };
		F149B0B623BC4267007AD7D7 /* WorldTests.swift in Sources */ = {isa = PBXBuildFile; fileRef = F149B0B523BC4267007AD7D7 /* WorldTests.swift */; };
		F149B0B823BC4F66007AD7D7 /* EntityManager.swift in Sources */ = {isa = PBXBuildFile; fileRef = F149B0B723BC4F66007AD7D7 /* EntityManager.swift */; };
		F149B0BA23BC5127007AD7D7 /* EntityManagerTests.swift in Sources */ = {isa = PBXBuildFile; fileRef = F149B0B923BC5127007AD7D7 /* EntityManagerTests.swift */; };
		F149B0BC23BD0F1B007AD7D7 /* ComponentManager.swift in Sources */ = {isa = PBXBuildFile; fileRef = F149B0BB23BD0F1B007AD7D7 /* ComponentManager.swift */; };
		F149B0BE23BD1C45007AD7D7 /* PComponentManagers.swift in Sources */ = {isa = PBXBuildFile; fileRef = F149B0BD23BD1C45007AD7D7 /* PComponentManagers.swift */; };
		F149B0C023BD2ED8007AD7D7 /* PCreatableSystem.swift in Sources */ = {isa = PBXBuildFile; fileRef = F149B0BF23BD2ED8007AD7D7 /* PCreatableSystem.swift */; };
		F149B0C223BD2F38007AD7D7 /* ComponentManagerTests.swift in Sources */ = {isa = PBXBuildFile; fileRef = F149B0C123BD2F38007AD7D7 /* ComponentManagerTests.swift */; };
		F149B0C423BD3098007AD7D7 /* ComponentManagerError.swift in Sources */ = {isa = PBXBuildFile; fileRef = F149B0C323BD3098007AD7D7 /* ComponentManagerError.swift */; };
		F149B0C623BD30B6007AD7D7 /* PComponentManager.swift in Sources */ = {isa = PBXBuildFile; fileRef = F149B0C523BD30B6007AD7D7 /* PComponentManager.swift */; };
		F149B0C823BD3A5C007AD7D7 /* ComponentSystem.swift in Sources */ = {isa = PBXBuildFile; fileRef = F149B0C723BD3A5C007AD7D7 /* ComponentSystem.swift */; };
		F149B0D023BD46EA007AD7D7 /* AppDelegate.swift in Sources */ = {isa = PBXBuildFile; fileRef = F149B0CF23BD46EA007AD7D7 /* AppDelegate.swift */; };
		F149B0D223BD46EA007AD7D7 /* ContentView.swift in Sources */ = {isa = PBXBuildFile; fileRef = F149B0D123BD46EA007AD7D7 /* ContentView.swift */; };
		F149B0D423BD46ED007AD7D7 /* Assets.xcassets in Resources */ = {isa = PBXBuildFile; fileRef = F149B0D323BD46ED007AD7D7 /* Assets.xcassets */; };
		F149B0D723BD46ED007AD7D7 /* Preview Assets.xcassets in Resources */ = {isa = PBXBuildFile; fileRef = F149B0D623BD46ED007AD7D7 /* Preview Assets.xcassets */; };
		F149B0DA23BD46ED007AD7D7 /* Main.storyboard in Resources */ = {isa = PBXBuildFile; fileRef = F149B0D823BD46ED007AD7D7 /* Main.storyboard */; };
		F149B0E123BD4A74007AD7D7 /* GameComponentManagers.swift in Sources */ = {isa = PBXBuildFile; fileRef = F149B0E023BD4A74007AD7D7 /* GameComponentManagers.swift */; };
		F149B0E323BD4DAC007AD7D7 /* HealthComponent.swift in Sources */ = {isa = PBXBuildFile; fileRef = F149B0E223BD4DAC007AD7D7 /* HealthComponent.swift */; };
		F149B0E523BD5F1C007AD7D7 /* EntityRequester.swift in Sources */ = {isa = PBXBuildFile; fileRef = F149B0E423BD5F1C007AD7D7 /* EntityRequester.swift */; };
		F149B0E723BD60E0007AD7D7 /* PEntityQuery.swift in Sources */ = {isa = PBXBuildFile; fileRef = F149B0E623BD60E0007AD7D7 /* PEntityQuery.swift */; };
		F149B0E923BD6A5D007AD7D7 /* PEntityQueryResult.swift in Sources */ = {isa = PBXBuildFile; fileRef = F149B0E823BD6A5D007AD7D7 /* PEntityQueryResult.swift */; };
		F149B0EB23BD6ECD007AD7D7 /* ComponentIdentifier.swift in Sources */ = {isa = PBXBuildFile; fileRef = F149B0EA23BD6ECD007AD7D7 /* ComponentIdentifier.swift */; };
		F149B0ED23BD70F1007AD7D7 /* ComponentManagers.swift in Sources */ = {isa = PBXBuildFile; fileRef = F149B0EC23BD70F1007AD7D7 /* ComponentManagers.swift */; };
		F149B0EF23BD7827007AD7D7 /* ComponentManagersTests.swift in Sources */ = {isa = PBXBuildFile; fileRef = F149B0EE23BD7827007AD7D7 /* ComponentManagersTests.swift */; };
		F149B0FA23BE211C007AD7D7 /* PEntityFIlter.swift in Sources */ = {isa = PBXBuildFile; fileRef = F149B0F923BE211C007AD7D7 /* PEntityFIlter.swift */; };
		F149B0FE23BE283C007AD7D7 /* Require.swift in Sources */ = {isa = PBXBuildFile; fileRef = F149B0FD23BE283C007AD7D7 /* Require.swift */; };
		F149B10023BE2853007AD7D7 /* Exclude.swift in Sources */ = {isa = PBXBuildFile; fileRef = F149B0FF23BE2853007AD7D7 /* Exclude.swift */; };
		F149B10E23BE524A007AD7D7 /* EntityQueryResult.swift in Sources */ = {isa = PBXBuildFile; fileRef = F149B10D23BE524A007AD7D7 /* EntityQueryResult.swift */; };
		F149B11223BE55FA007AD7D7 /* Game.swift in Sources */ = {isa = PBXBuildFile; fileRef = F149B11123BE55FA007AD7D7 /* Game.swift */; };
		F149B11723BE56B6007AD7D7 /* DamageSystem.swift in Sources */ = {isa = PBXBuildFile; fileRef = F149B11623BE56B6007AD7D7 /* DamageSystem.swift */; };
		F149B11923BE56C4007AD7D7 /* DamageComponent.swift in Sources */ = {isa = PBXBuildFile; fileRef = F149B11823BE56C4007AD7D7 /* DamageComponent.swift */; };
		F149B13223BE755D007AD7D7 /* AutoQueries.generated.swift in Sources */ = {isa = PBXBuildFile; fileRef = F149B13123BE755D007AD7D7 /* AutoQueries.generated.swift */; };
		F173C56E23BE8B3C00F9EF6E /* EntityRequesterTests.swift in Sources */ = {isa = PBXBuildFile; fileRef = F173C56D23BE8B3C00F9EF6E /* EntityRequesterTests.swift */; };
/* End PBXBuildFile section */

/* Begin PBXContainerItemProxy section */
		F149B0A623BC3230007AD7D7 /* PBXContainerItemProxy */ = {
			isa = PBXContainerItemProxy;
			containerPortal = F149B08623BC2E79007AD7D7 /* Project object */;
			proxyType = 1;
			remoteGlobalIDString = F149B09023BC3100007AD7D7;
			remoteInfo = ECS;
		};
/* End PBXContainerItemProxy section */

/* Begin PBXFileReference section */
		0AF1939C1917926AE1680CF0 /* Pods-ECS.debug.xcconfig */ = {isa = PBXFileReference; includeInIndex = 1; lastKnownFileType = text.xcconfig; name = "Pods-ECS.debug.xcconfig"; path = "Target Support Files/Pods-ECS/Pods-ECS.debug.xcconfig"; sourceTree = "<group>"; };
		0B80BD4A3F0F242EB7945055 /* Pods-ECS.release.xcconfig */ = {isa = PBXFileReference; includeInIndex = 1; lastKnownFileType = text.xcconfig; name = "Pods-ECS.release.xcconfig"; path = "Target Support Files/Pods-ECS/Pods-ECS.release.xcconfig"; sourceTree = "<group>"; };
		60531F6984E4D58BB4A4AA36 /* Pods_ECS_ECSTests.framework */ = {isa = PBXFileReference; explicitFileType = wrapper.framework; includeInIndex = 0; path = Pods_ECS_ECSTests.framework; sourceTree = BUILT_PRODUCTS_DIR; };
		A6DC4976BFB379181B010EA1 /* Pods_ECS.framework */ = {isa = PBXFileReference; explicitFileType = wrapper.framework; includeInIndex = 0; path = Pods_ECS.framework; sourceTree = BUILT_PRODUCTS_DIR; };
		A6FB7D95C1C07EDC7E5CD52F /* Pods-ECS-ECSTests.release.xcconfig */ = {isa = PBXFileReference; includeInIndex = 1; lastKnownFileType = text.xcconfig; name = "Pods-ECS-ECSTests.release.xcconfig"; path = "Target Support Files/Pods-ECS-ECSTests/Pods-ECS-ECSTests.release.xcconfig"; sourceTree = "<group>"; };
		F149B09123BC3100007AD7D7 /* ECS.framework */ = {isa = PBXFileReference; explicitFileType = wrapper.framework; includeInIndex = 0; path = ECS.framework; sourceTree = BUILT_PRODUCTS_DIR; };
		F149B09423BC3100007AD7D7 /* ECS.h */ = {isa = PBXFileReference; lastKnownFileType = sourcecode.c.h; path = ECS.h; sourceTree = "<group>"; };
		F149B09523BC3100007AD7D7 /* Info.plist */ = {isa = PBXFileReference; lastKnownFileType = text.plist.xml; path = Info.plist; sourceTree = "<group>"; };
		F149B09A23BC31D1007AD7D7 /* Entity.swift */ = {isa = PBXFileReference; lastKnownFileType = sourcecode.swift; path = Entity.swift; sourceTree = "<group>"; };
		F149B0A023BC3230007AD7D7 /* ECSTests.xctest */ = {isa = PBXFileReference; explicitFileType = wrapper.cfbundle; includeInIndex = 0; path = ECSTests.xctest; sourceTree = BUILT_PRODUCTS_DIR; };
		F149B0A223BC3230007AD7D7 /* EntityTests.swift */ = {isa = PBXFileReference; lastKnownFileType = sourcecode.swift; path = EntityTests.swift; sourceTree = "<group>"; };
		F149B0A423BC3230007AD7D7 /* Info.plist */ = {isa = PBXFileReference; lastKnownFileType = text.plist.xml; path = Info.plist; sourceTree = "<group>"; };
		F149B0AB23BC33C4007AD7D7 /* PComponent.swift */ = {isa = PBXFileReference; lastKnownFileType = sourcecode.swift; path = PComponent.swift; sourceTree = "<group>"; };
		F149B0AD23BC33CE007AD7D7 /* PSystem.swift */ = {isa = PBXFileReference; lastKnownFileType = sourcecode.swift; path = PSystem.swift; sourceTree = "<group>"; };
		F149B0AF23BC3589007AD7D7 /* World.swift */ = {isa = PBXFileReference; lastKnownFileType = sourcecode.swift; path = World.swift; sourceTree = "<group>"; };
		F149B0B323BC4067007AD7D7 /* AutoMockable.generated.swift */ = {isa = PBXFileReference; fileEncoding = 4; lastKnownFileType = sourcecode.swift; path = AutoMockable.generated.swift; sourceTree = "<group>"; };
		F149B0B523BC4267007AD7D7 /* WorldTests.swift */ = {isa = PBXFileReference; lastKnownFileType = sourcecode.swift; path = WorldTests.swift; sourceTree = "<group>"; };
		F149B0B723BC4F66007AD7D7 /* EntityManager.swift */ = {isa = PBXFileReference; lastKnownFileType = sourcecode.swift; path = EntityManager.swift; sourceTree = "<group>"; };
		F149B0B923BC5127007AD7D7 /* EntityManagerTests.swift */ = {isa = PBXFileReference; lastKnownFileType = sourcecode.swift; path = EntityManagerTests.swift; sourceTree = "<group>"; };
		F149B0BB23BD0F1B007AD7D7 /* ComponentManager.swift */ = {isa = PBXFileReference; lastKnownFileType = sourcecode.swift; path = ComponentManager.swift; sourceTree = "<group>"; };
		F149B0BD23BD1C45007AD7D7 /* PComponentManagers.swift */ = {isa = PBXFileReference; lastKnownFileType = sourcecode.swift; path = PComponentManagers.swift; sourceTree = "<group>"; };
		F149B0BF23BD2ED8007AD7D7 /* PCreatableSystem.swift */ = {isa = PBXFileReference; lastKnownFileType = sourcecode.swift; path = PCreatableSystem.swift; sourceTree = "<group>"; };
		F149B0C123BD2F38007AD7D7 /* ComponentManagerTests.swift */ = {isa = PBXFileReference; lastKnownFileType = sourcecode.swift; path = ComponentManagerTests.swift; sourceTree = "<group>"; };
		F149B0C323BD3098007AD7D7 /* ComponentManagerError.swift */ = {isa = PBXFileReference; lastKnownFileType = sourcecode.swift; path = ComponentManagerError.swift; sourceTree = "<group>"; };
		F149B0C523BD30B6007AD7D7 /* PComponentManager.swift */ = {isa = PBXFileReference; lastKnownFileType = sourcecode.swift; path = PComponentManager.swift; sourceTree = "<group>"; };
		F149B0C723BD3A5C007AD7D7 /* ComponentSystem.swift */ = {isa = PBXFileReference; lastKnownFileType = sourcecode.swift; path = ComponentSystem.swift; sourceTree = "<group>"; };
		F149B0CD23BD46EA007AD7D7 /* Example.app */ = {isa = PBXFileReference; explicitFileType = wrapper.application; includeInIndex = 0; path = Example.app; sourceTree = BUILT_PRODUCTS_DIR; };
		F149B0CF23BD46EA007AD7D7 /* AppDelegate.swift */ = {isa = PBXFileReference; lastKnownFileType = sourcecode.swift; path = AppDelegate.swift; sourceTree = "<group>"; };
		F149B0D123BD46EA007AD7D7 /* ContentView.swift */ = {isa = PBXFileReference; lastKnownFileType = sourcecode.swift; path = ContentView.swift; sourceTree = "<group>"; };
		F149B0D323BD46ED007AD7D7 /* Assets.xcassets */ = {isa = PBXFileReference; lastKnownFileType = folder.assetcatalog; path = Assets.xcassets; sourceTree = "<group>"; };
		F149B0D623BD46ED007AD7D7 /* Preview Assets.xcassets */ = {isa = PBXFileReference; lastKnownFileType = folder.assetcatalog; path = "Preview Assets.xcassets"; sourceTree = "<group>"; };
		F149B0D923BD46ED007AD7D7 /* Base */ = {isa = PBXFileReference; lastKnownFileType = file.storyboard; name = Base; path = Base.lproj/Main.storyboard; sourceTree = "<group>"; };
		F149B0DB23BD46ED007AD7D7 /* Info.plist */ = {isa = PBXFileReference; lastKnownFileType = text.plist.xml; path = Info.plist; sourceTree = "<group>"; };
		F149B0DC23BD46ED007AD7D7 /* Example.entitlements */ = {isa = PBXFileReference; lastKnownFileType = text.plist.entitlements; path = Example.entitlements; sourceTree = "<group>"; };
		F149B0E023BD4A74007AD7D7 /* GameComponentManagers.swift */ = {isa = PBXFileReference; lastKnownFileType = sourcecode.swift; path = GameComponentManagers.swift; sourceTree = "<group>"; };
		F149B0E223BD4DAC007AD7D7 /* HealthComponent.swift */ = {isa = PBXFileReference; lastKnownFileType = sourcecode.swift; path = HealthComponent.swift; sourceTree = "<group>"; };
		F149B0E423BD5F1C007AD7D7 /* EntityRequester.swift */ = {isa = PBXFileReference; lastKnownFileType = sourcecode.swift; path = EntityRequester.swift; sourceTree = "<group>"; };
		F149B0E623BD60E0007AD7D7 /* PEntityQuery.swift */ = {isa = PBXFileReference; lastKnownFileType = sourcecode.swift; path = PEntityQuery.swift; sourceTree = "<group>"; };
		F149B0E823BD6A5D007AD7D7 /* PEntityQueryResult.swift */ = {isa = PBXFileReference; lastKnownFileType = sourcecode.swift; path = PEntityQueryResult.swift; sourceTree = "<group>"; };
		F149B0EA23BD6ECD007AD7D7 /* ComponentIdentifier.swift */ = {isa = PBXFileReference; lastKnownFileType = sourcecode.swift; path = ComponentIdentifier.swift; sourceTree = "<group>"; };
		F149B0EC23BD70F1007AD7D7 /* ComponentManagers.swift */ = {isa = PBXFileReference; lastKnownFileType = sourcecode.swift; path = ComponentManagers.swift; sourceTree = "<group>"; };
		F149B0EE23BD7827007AD7D7 /* ComponentManagersTests.swift */ = {isa = PBXFileReference; lastKnownFileType = sourcecode.swift; path = ComponentManagersTests.swift; sourceTree = "<group>"; };
		F149B0F923BE211C007AD7D7 /* PEntityFIlter.swift */ = {isa = PBXFileReference; lastKnownFileType = sourcecode.swift; path = PEntityFIlter.swift; sourceTree = "<group>"; };
		F149B0FD23BE283C007AD7D7 /* Require.swift */ = {isa = PBXFileReference; lastKnownFileType = sourcecode.swift; path = Require.swift; sourceTree = "<group>"; };
		F149B0FF23BE2853007AD7D7 /* Exclude.swift */ = {isa = PBXFileReference; lastKnownFileType = sourcecode.swift; path = Exclude.swift; sourceTree = "<group>"; };
		F149B10D23BE524A007AD7D7 /* EntityQueryResult.swift */ = {isa = PBXFileReference; lastKnownFileType = sourcecode.swift; path = EntityQueryResult.swift; sourceTree = "<group>"; };
		F149B11123BE55FA007AD7D7 /* Game.swift */ = {isa = PBXFileReference; lastKnownFileType = sourcecode.swift; path = Game.swift; sourceTree = "<group>"; };
		F149B11623BE56B6007AD7D7 /* DamageSystem.swift */ = {isa = PBXFileReference; lastKnownFileType = sourcecode.swift; path = DamageSystem.swift; sourceTree = "<group>"; };
		F149B11823BE56C4007AD7D7 /* DamageComponent.swift */ = {isa = PBXFileReference; lastKnownFileType = sourcecode.swift; path = DamageComponent.swift; sourceTree = "<group>"; };
		F149B13123BE755D007AD7D7 /* AutoQueries.generated.swift */ = {isa = PBXFileReference; fileEncoding = 4; lastKnownFileType = sourcecode.swift; path = AutoQueries.generated.swift; sourceTree = "<group>"; };
		F173C56D23BE8B3C00F9EF6E /* EntityRequesterTests.swift */ = {isa = PBXFileReference; lastKnownFileType = sourcecode.swift; path = EntityRequesterTests.swift; sourceTree = "<group>"; };
		FF46C007367B1636F53BCBB5 /* Pods-ECS-ECSTests.debug.xcconfig */ = {isa = PBXFileReference; includeInIndex = 1; lastKnownFileType = text.xcconfig; name = "Pods-ECS-ECSTests.debug.xcconfig"; path = "Target Support Files/Pods-ECS-ECSTests/Pods-ECS-ECSTests.debug.xcconfig"; sourceTree = "<group>"; };
/* End PBXFileReference section */

/* Begin PBXFrameworksBuildPhase section */
		F149B08E23BC3100007AD7D7 /* Frameworks */ = {
			isa = PBXFrameworksBuildPhase;
			buildActionMask = 2147483647;
			files = (
				E622C17445A72EA011569F12 /* Pods_ECS.framework in Frameworks */,
			);
			runOnlyForDeploymentPostprocessing = 0;
		};
		F149B09D23BC3230007AD7D7 /* Frameworks */ = {
			isa = PBXFrameworksBuildPhase;
			buildActionMask = 2147483647;
			files = (
				F149B0A523BC3230007AD7D7 /* ECS.framework in Frameworks */,
				5CBB616F396468630BA6AE19 /* Pods_ECS_ECSTests.framework in Frameworks */,
			);
			runOnlyForDeploymentPostprocessing = 0;
		};
		F149B0CA23BD46EA007AD7D7 /* Frameworks */ = {
			isa = PBXFrameworksBuildPhase;
			buildActionMask = 2147483647;
			files = (
			);
			runOnlyForDeploymentPostprocessing = 0;
		};
/* End PBXFrameworksBuildPhase section */

/* Begin PBXGroup section */
		47100785E611259B25521A98 /* Frameworks */ = {
			isa = PBXGroup;
			children = (
				A6DC4976BFB379181B010EA1 /* Pods_ECS.framework */,
				60531F6984E4D58BB4A4AA36 /* Pods_ECS_ECSTests.framework */,
			);
			name = Frameworks;
			sourceTree = "<group>";
		};
		657C40A03F243ED3E6DFAA7A /* Pods */ = {
			isa = PBXGroup;
			children = (
				0AF1939C1917926AE1680CF0 /* Pods-ECS.debug.xcconfig */,
				0B80BD4A3F0F242EB7945055 /* Pods-ECS.release.xcconfig */,
				FF46C007367B1636F53BCBB5 /* Pods-ECS-ECSTests.debug.xcconfig */,
				A6FB7D95C1C07EDC7E5CD52F /* Pods-ECS-ECSTests.release.xcconfig */,
			);
			path = Pods;
			sourceTree = "<group>";
		};
		F149B08523BC2E79007AD7D7 = {
			isa = PBXGroup;
			children = (
				F149B09323BC3100007AD7D7 /* ECS */,
				F149B0A123BC3230007AD7D7 /* ECSTests */,
				F149B0CE23BD46EA007AD7D7 /* Example */,
				F149B09223BC3100007AD7D7 /* Products */,
				657C40A03F243ED3E6DFAA7A /* Pods */,
				47100785E611259B25521A98 /* Frameworks */,
			);
			sourceTree = "<group>";
		};
		F149B09223BC3100007AD7D7 /* Products */ = {
			isa = PBXGroup;
			children = (
				F149B09123BC3100007AD7D7 /* ECS.framework */,
				F149B0A023BC3230007AD7D7 /* ECSTests.xctest */,
				F149B0CD23BD46EA007AD7D7 /* Example.app */,
			);
			name = Products;
			sourceTree = "<group>";
		};
		F149B09323BC3100007AD7D7 /* ECS */ = {
			isa = PBXGroup;
			children = (
				F149B13023BE7500007AD7D7 /* Autogenerated */,
				F149B0F623BD9735007AD7D7 /* Querying */,
				F149B0F523BD96D7007AD7D7 /* Management */,
				F149B0F423BD96B3007AD7D7 /* Core */,
				F149B09423BC3100007AD7D7 /* ECS.h */,
				F149B09523BC3100007AD7D7 /* Info.plist */,
			);
			path = ECS;
			sourceTree = "<group>";
		};
		F149B0A123BC3230007AD7D7 /* ECSTests */ = {
			isa = PBXGroup;
			children = (
				F149B0B223BC4050007AD7D7 /* Autogenerated */,
				F149B0A223BC3230007AD7D7 /* EntityTests.swift */,
				F149B0A423BC3230007AD7D7 /* Info.plist */,
				F149B0B523BC4267007AD7D7 /* WorldTests.swift */,
				F149B0B923BC5127007AD7D7 /* EntityManagerTests.swift */,
				F149B0C123BD2F38007AD7D7 /* ComponentManagerTests.swift */,
				F149B0EE23BD7827007AD7D7 /* ComponentManagersTests.swift */,
				F173C56D23BE8B3C00F9EF6E /* EntityRequesterTests.swift */,
			);
			path = ECSTests;
			sourceTree = "<group>";
		};
		F149B0B223BC4050007AD7D7 /* Autogenerated */ = {
			isa = PBXGroup;
			children = (
				F149B0B323BC4067007AD7D7 /* AutoMockable.generated.swift */,
			);
			path = Autogenerated;
			sourceTree = "<group>";
		};
		F149B0CE23BD46EA007AD7D7 /* Example */ = {
			isa = PBXGroup;
			children = (
				F149B11423BE565E007AD7D7 /* Components */,
				F149B11323BE5658007AD7D7 /* Systems */,
				F149B0CF23BD46EA007AD7D7 /* AppDelegate.swift */,
				F149B0D123BD46EA007AD7D7 /* ContentView.swift */,
				F149B0D323BD46ED007AD7D7 /* Assets.xcassets */,
				F149B0D823BD46ED007AD7D7 /* Main.storyboard */,
				F149B0DB23BD46ED007AD7D7 /* Info.plist */,
				F149B0DC23BD46ED007AD7D7 /* Example.entitlements */,
				F149B0D523BD46ED007AD7D7 /* Preview Content */,
				F149B0E023BD4A74007AD7D7 /* GameComponentManagers.swift */,
				F149B11123BE55FA007AD7D7 /* Game.swift */,
			);
			path = Example;
			sourceTree = "<group>";
		};
		F149B0D523BD46ED007AD7D7 /* Preview Content */ = {
			isa = PBXGroup;
			children = (
				F149B0D623BD46ED007AD7D7 /* Preview Assets.xcassets */,
			);
			path = "Preview Content";
			sourceTree = "<group>";
		};
		F149B0F423BD96B3007AD7D7 /* Core */ = {
			isa = PBXGroup;
			children = (
				F149B0EA23BD6ECD007AD7D7 /* ComponentIdentifier.swift */,
				F149B0C723BD3A5C007AD7D7 /* ComponentSystem.swift */,
				F149B0AF23BC3589007AD7D7 /* World.swift */,
				F149B0BF23BD2ED8007AD7D7 /* PCreatableSystem.swift */,
				F149B0AD23BC33CE007AD7D7 /* PSystem.swift */,
				F149B09A23BC31D1007AD7D7 /* Entity.swift */,
				F149B0AB23BC33C4007AD7D7 /* PComponent.swift */,
			);
			path = Core;
			sourceTree = "<group>";
		};
		F149B0F523BD96D7007AD7D7 /* Management */ = {
			isa = PBXGroup;
			children = (
				F149B0B723BC4F66007AD7D7 /* EntityManager.swift */,
				F149B0C323BD3098007AD7D7 /* ComponentManagerError.swift */,
				F149B0EC23BD70F1007AD7D7 /* ComponentManagers.swift */,
				F149B0C523BD30B6007AD7D7 /* PComponentManager.swift */,
				F149B0BB23BD0F1B007AD7D7 /* ComponentManager.swift */,
				F149B0BD23BD1C45007AD7D7 /* PComponentManagers.swift */,
			);
			path = Management;
			sourceTree = "<group>";
		};
		F149B0F623BD9735007AD7D7 /* Querying */ = {
			isa = PBXGroup;
			children = (
				F149B10C23BE4E3E007AD7D7 /* Filters */,
				F149B0E423BD5F1C007AD7D7 /* EntityRequester.swift */,
				F149B0E623BD60E0007AD7D7 /* PEntityQuery.swift */,
				F149B0E823BD6A5D007AD7D7 /* PEntityQueryResult.swift */,
				F149B0F923BE211C007AD7D7 /* PEntityFIlter.swift */,
				F149B10D23BE524A007AD7D7 /* EntityQueryResult.swift */,
			);
			path = Querying;
			sourceTree = "<group>";
		};
		F149B10C23BE4E3E007AD7D7 /* Filters */ = {
			isa = PBXGroup;
			children = (
				F149B0FD23BE283C007AD7D7 /* Require.swift */,
				F149B0FF23BE2853007AD7D7 /* Exclude.swift */,
			);
			path = Filters;
			sourceTree = "<group>";
		};
		F149B11323BE5658007AD7D7 /* Systems */ = {
			isa = PBXGroup;
			children = (
				F149B11623BE56B6007AD7D7 /* DamageSystem.swift */,
			);
			path = Systems;
			sourceTree = "<group>";
		};
		F149B11423BE565E007AD7D7 /* Components */ = {
			isa = PBXGroup;
			children = (
				F149B0E223BD4DAC007AD7D7 /* HealthComponent.swift */,
				F149B11823BE56C4007AD7D7 /* DamageComponent.swift */,
			);
			path = Components;
			sourceTree = "<group>";
		};
		F149B13023BE7500007AD7D7 /* Autogenerated */ = {
			isa = PBXGroup;
			children = (
				F149B13123BE755D007AD7D7 /* AutoQueries.generated.swift */,
			);
			path = Autogenerated;
			sourceTree = "<group>";
		};
/* End PBXGroup section */

/* Begin PBXHeadersBuildPhase section */
		F149B08C23BC3100007AD7D7 /* Headers */ = {
			isa = PBXHeadersBuildPhase;
			buildActionMask = 2147483647;
			files = (
				F149B09623BC3100007AD7D7 /* ECS.h in Headers */,
			);
			runOnlyForDeploymentPostprocessing = 0;
		};
/* End PBXHeadersBuildPhase section */

/* Begin PBXNativeTarget section */
		F149B09023BC3100007AD7D7 /* ECS */ = {
			isa = PBXNativeTarget;
			buildConfigurationList = F149B09923BC3100007AD7D7 /* Build configuration list for PBXNativeTarget "ECS" */;
			buildPhases = (
				4C85AFBBE49C212E8C3CC572 /* [CP] Check Pods Manifest.lock */,
				F149B08C23BC3100007AD7D7 /* Headers */,
				F149B08D23BC3100007AD7D7 /* Sources */,
				F149B08E23BC3100007AD7D7 /* Frameworks */,
				F149B08F23BC3100007AD7D7 /* Resources */,
			);
			buildRules = (
			);
			dependencies = (
			);
			name = ECS;
			productName = ECS;
			productReference = F149B09123BC3100007AD7D7 /* ECS.framework */;
			productType = "com.apple.product-type.framework";
		};
		F149B09F23BC3230007AD7D7 /* ECSTests */ = {
			isa = PBXNativeTarget;
			buildConfigurationList = F149B0A823BC3230007AD7D7 /* Build configuration list for PBXNativeTarget "ECSTests" */;
			buildPhases = (
				351A31FAA0B1165E500E9261 /* [CP] Check Pods Manifest.lock */,
				F149B09C23BC3230007AD7D7 /* Sources */,
				F149B09D23BC3230007AD7D7 /* Frameworks */,
				F149B09E23BC3230007AD7D7 /* Resources */,
			);
			buildRules = (
			);
			dependencies = (
				F149B0A723BC3230007AD7D7 /* PBXTargetDependency */,
			);
			name = ECSTests;
			productName = ECSTests;
			productReference = F149B0A023BC3230007AD7D7 /* ECSTests.xctest */;
			productType = "com.apple.product-type.bundle.unit-test";
		};
		F149B0CC23BD46EA007AD7D7 /* Example */ = {
			isa = PBXNativeTarget;
			buildConfigurationList = F149B0DD23BD46ED007AD7D7 /* Build configuration list for PBXNativeTarget "Example" */;
			buildPhases = (
				F149B0C923BD46EA007AD7D7 /* Sources */,
				F149B0CA23BD46EA007AD7D7 /* Frameworks */,
				F149B0CB23BD46EA007AD7D7 /* Resources */,
			);
			buildRules = (
			);
			dependencies = (
			);
			name = Example;
			productName = Example;
			productReference = F149B0CD23BD46EA007AD7D7 /* Example.app */;
			productType = "com.apple.product-type.application";
		};
/* End PBXNativeTarget section */

/* Begin PBXProject section */
		F149B08623BC2E79007AD7D7 /* Project object */ = {
			isa = PBXProject;
			attributes = {
				LastSwiftUpdateCheck = 1130;
				LastUpgradeCheck = 1130;
				ORGANIZATIONNAME = LionSoftware;
				TargetAttributes = {
					F149B09023BC3100007AD7D7 = {
						CreatedOnToolsVersion = 11.3;
						LastSwiftMigration = 1130;
					};
					F149B09F23BC3230007AD7D7 = {
						CreatedOnToolsVersion = 11.3;
					};
					F149B0CC23BD46EA007AD7D7 = {
						CreatedOnToolsVersion = 11.3;
					};
				};
			};
			buildConfigurationList = F149B08923BC2E79007AD7D7 /* Build configuration list for PBXProject "LionEngine" */;
			compatibilityVersion = "Xcode 9.3";
			developmentRegion = en;
			hasScannedForEncodings = 0;
			knownRegions = (
				en,
				Base,
			);
			mainGroup = F149B08523BC2E79007AD7D7;
			productRefGroup = F149B09223BC3100007AD7D7 /* Products */;
			projectDirPath = "";
			projectRoot = "";
			targets = (
				F149B09023BC3100007AD7D7 /* ECS */,
				F149B09F23BC3230007AD7D7 /* ECSTests */,
				F149B0CC23BD46EA007AD7D7 /* Example */,
			);
		};
/* End PBXProject section */

/* Begin PBXResourcesBuildPhase section */
		F149B08F23BC3100007AD7D7 /* Resources */ = {
			isa = PBXResourcesBuildPhase;
			buildActionMask = 2147483647;
			files = (
			);
			runOnlyForDeploymentPostprocessing = 0;
		};
		F149B09E23BC3230007AD7D7 /* Resources */ = {
			isa = PBXResourcesBuildPhase;
			buildActionMask = 2147483647;
			files = (
			);
			runOnlyForDeploymentPostprocessing = 0;
		};
		F149B0CB23BD46EA007AD7D7 /* Resources */ = {
			isa = PBXResourcesBuildPhase;
			buildActionMask = 2147483647;
			files = (
				F149B0DA23BD46ED007AD7D7 /* Main.storyboard in Resources */,
				F149B0D723BD46ED007AD7D7 /* Preview Assets.xcassets in Resources */,
				F149B0D423BD46ED007AD7D7 /* Assets.xcassets in Resources */,
			);
			runOnlyForDeploymentPostprocessing = 0;
		};
/* End PBXResourcesBuildPhase section */

/* Begin PBXShellScriptBuildPhase section */
		351A31FAA0B1165E500E9261 /* [CP] Check Pods Manifest.lock */ = {
			isa = PBXShellScriptBuildPhase;
			buildActionMask = 2147483647;
			files = (
			);
			inputFileListPaths = (
			);
			inputPaths = (
				"${PODS_PODFILE_DIR_PATH}/Podfile.lock",
				"${PODS_ROOT}/Manifest.lock",
			);
			name = "[CP] Check Pods Manifest.lock";
			outputFileListPaths = (
			);
			outputPaths = (
				"$(DERIVED_FILE_DIR)/Pods-ECS-ECSTests-checkManifestLockResult.txt",
			);
			runOnlyForDeploymentPostprocessing = 0;
			shellPath = /bin/sh;
			shellScript = "diff \"${PODS_PODFILE_DIR_PATH}/Podfile.lock\" \"${PODS_ROOT}/Manifest.lock\" > /dev/null\nif [ $? != 0 ] ; then\n    # print error to STDERR\n    echo \"error: The sandbox is not in sync with the Podfile.lock. Run 'pod install' or update your CocoaPods installation.\" >&2\n    exit 1\nfi\n# This output is used by Xcode 'outputs' to avoid re-running this script phase.\necho \"SUCCESS\" > \"${SCRIPT_OUTPUT_FILE_0}\"\n";
			showEnvVarsInLog = 0;
		};
		4C85AFBBE49C212E8C3CC572 /* [CP] Check Pods Manifest.lock */ = {
			isa = PBXShellScriptBuildPhase;
			buildActionMask = 2147483647;
			files = (
			);
			inputFileListPaths = (
			);
			inputPaths = (
				"${PODS_PODFILE_DIR_PATH}/Podfile.lock",
				"${PODS_ROOT}/Manifest.lock",
			);
			name = "[CP] Check Pods Manifest.lock";
			outputFileListPaths = (
			);
			outputPaths = (
				"$(DERIVED_FILE_DIR)/Pods-ECS-checkManifestLockResult.txt",
			);
			runOnlyForDeploymentPostprocessing = 0;
			shellPath = /bin/sh;
			shellScript = "diff \"${PODS_PODFILE_DIR_PATH}/Podfile.lock\" \"${PODS_ROOT}/Manifest.lock\" > /dev/null\nif [ $? != 0 ] ; then\n    # print error to STDERR\n    echo \"error: The sandbox is not in sync with the Podfile.lock. Run 'pod install' or update your CocoaPods installation.\" >&2\n    exit 1\nfi\n# This output is used by Xcode 'outputs' to avoid re-running this script phase.\necho \"SUCCESS\" > \"${SCRIPT_OUTPUT_FILE_0}\"\n";
			showEnvVarsInLog = 0;
		};
/* End PBXShellScriptBuildPhase section */

/* Begin PBXSourcesBuildPhase section */
		F149B08D23BC3100007AD7D7 /* Sources */ = {
			isa = PBXSourcesBuildPhase;
			buildActionMask = 2147483647;
			files = (
				F149B0C623BD30B6007AD7D7 /* PComponentManager.swift in Sources */,
				F149B0EB23BD6ECD007AD7D7 /* ComponentIdentifier.swift in Sources */,
				F149B0C023BD2ED8007AD7D7 /* PCreatableSystem.swift in Sources */,
				F149B0ED23BD70F1007AD7D7 /* ComponentManagers.swift in Sources */,
				F149B0FA23BE211C007AD7D7 /* PEntityFIlter.swift in Sources */,
				F149B0FE23BE283C007AD7D7 /* Require.swift in Sources */,
				F149B10E23BE524A007AD7D7 /* EntityQueryResult.swift in Sources */,
				F149B0E923BD6A5D007AD7D7 /* PEntityQueryResult.swift in Sources */,
				F149B0B823BC4F66007AD7D7 /* EntityManager.swift in Sources */,
				F149B09B23BC31D1007AD7D7 /* Entity.swift in Sources */,
				F149B10023BE2853007AD7D7 /* Exclude.swift in Sources */,
				F149B0E523BD5F1C007AD7D7 /* EntityRequester.swift in Sources */,
				F149B0AE23BC33CE007AD7D7 /* PSystem.swift in Sources */,
				F149B0C423BD3098007AD7D7 /* ComponentManagerError.swift in Sources */,
				F149B0B023BC3589007AD7D7 /* World.swift in Sources */,
				F149B0AC23BC33C4007AD7D7 /* PComponent.swift in Sources */,
				F149B0C823BD3A5C007AD7D7 /* ComponentSystem.swift in Sources */,
				F149B0BC23BD0F1B007AD7D7 /* ComponentManager.swift in Sources */,
				F149B0BE23BD1C45007AD7D7 /* PComponentManagers.swift in Sources */,
				F149B0E723BD60E0007AD7D7 /* PEntityQuery.swift in Sources */,
				F149B13223BE755D007AD7D7 /* AutoQueries.generated.swift in Sources */,
			);
			runOnlyForDeploymentPostprocessing = 0;
		};
		F149B09C23BC3230007AD7D7 /* Sources */ = {
			isa = PBXSourcesBuildPhase;
			buildActionMask = 2147483647;
			files = (
				F149B0B623BC4267007AD7D7 /* WorldTests.swift in Sources */,
				F149B0EF23BD7827007AD7D7 /* ComponentManagersTests.swift in Sources */,
				F149B0C223BD2F38007AD7D7 /* ComponentManagerTests.swift in Sources */,
				F149B0A323BC3230007AD7D7 /* EntityTests.swift in Sources */,
				F173C56E23BE8B3C00F9EF6E /* EntityRequesterTests.swift in Sources */,
				F149B0BA23BC5127007AD7D7 /* EntityManagerTests.swift in Sources */,
				F149B0B423BC4067007AD7D7 /* AutoMockable.generated.swift in Sources */,
			);
			runOnlyForDeploymentPostprocessing = 0;
		};
		F149B0C923BD46EA007AD7D7 /* Sources */ = {
			isa = PBXSourcesBuildPhase;
			buildActionMask = 2147483647;
			files = (
				F149B0E323BD4DAC007AD7D7 /* HealthComponent.swift in Sources */,
				F149B0D223BD46EA007AD7D7 /* ContentView.swift in Sources */,
				F149B0D023BD46EA007AD7D7 /* AppDelegate.swift in Sources */,
				F149B0E123BD4A74007AD7D7 /* GameComponentManagers.swift in Sources */,
				F149B11223BE55FA007AD7D7 /* Game.swift in Sources */,
				F149B11723BE56B6007AD7D7 /* DamageSystem.swift in Sources */,
				F149B11923BE56C4007AD7D7 /* DamageComponent.swift in Sources */,
			);
			runOnlyForDeploymentPostprocessing = 0;
		};
/* End PBXSourcesBuildPhase section */

/* Begin PBXTargetDependency section */
		F149B0A723BC3230007AD7D7 /* PBXTargetDependency */ = {
			isa = PBXTargetDependency;
			target = F149B09023BC3100007AD7D7 /* ECS */;
			targetProxy = F149B0A623BC3230007AD7D7 /* PBXContainerItemProxy */;
		};
/* End PBXTargetDependency section */

/* Begin PBXVariantGroup section */
		F149B0D823BD46ED007AD7D7 /* Main.storyboard */ = {
			isa = PBXVariantGroup;
			children = (
				F149B0D923BD46ED007AD7D7 /* Base */,
			);
			name = Main.storyboard;
			sourceTree = "<group>";
		};
/* End PBXVariantGroup section */

/* Begin XCBuildConfiguration section */
		F149B08A23BC2E79007AD7D7 /* Debug */ = {
			isa = XCBuildConfiguration;
			buildSettings = {
			};
			name = Debug;
		};
		F149B08B23BC2E79007AD7D7 /* Release */ = {
			isa = XCBuildConfiguration;
			buildSettings = {
			};
			name = Release;
		};
		F149B09723BC3100007AD7D7 /* Debug */ = {
			isa = XCBuildConfiguration;
			baseConfigurationReference = 0AF1939C1917926AE1680CF0 /* Pods-ECS.debug.xcconfig */;
			buildSettings = {
				ALWAYS_SEARCH_USER_PATHS = NO;
				CLANG_ANALYZER_NONNULL = YES;
				CLANG_ANALYZER_NUMBER_OBJECT_CONVERSION = YES_AGGRESSIVE;
				CLANG_CXX_LANGUAGE_STANDARD = "gnu++14";
				CLANG_CXX_LIBRARY = "libc++";
				CLANG_ENABLE_MODULES = YES;
				CLANG_ENABLE_OBJC_ARC = YES;
				CLANG_ENABLE_OBJC_WEAK = YES;
				CLANG_WARN_BLOCK_CAPTURE_AUTORELEASING = YES;
				CLANG_WARN_BOOL_CONVERSION = YES;
				CLANG_WARN_COMMA = YES;
				CLANG_WARN_CONSTANT_CONVERSION = YES;
				CLANG_WARN_DEPRECATED_OBJC_IMPLEMENTATIONS = YES;
				CLANG_WARN_DIRECT_OBJC_ISA_USAGE = YES_ERROR;
				CLANG_WARN_DOCUMENTATION_COMMENTS = YES;
				CLANG_WARN_EMPTY_BODY = YES;
				CLANG_WARN_ENUM_CONVERSION = YES;
				CLANG_WARN_INFINITE_RECURSION = YES;
				CLANG_WARN_INT_CONVERSION = YES;
				CLANG_WARN_NON_LITERAL_NULL_CONVERSION = YES;
				CLANG_WARN_OBJC_IMPLICIT_RETAIN_SELF = YES;
				CLANG_WARN_OBJC_LITERAL_CONVERSION = YES;
				CLANG_WARN_OBJC_ROOT_CLASS = YES_ERROR;
				CLANG_WARN_RANGE_LOOP_ANALYSIS = YES;
				CLANG_WARN_STRICT_PROTOTYPES = YES;
				CLANG_WARN_SUSPICIOUS_MOVE = YES;
				CLANG_WARN_UNGUARDED_AVAILABILITY = YES_AGGRESSIVE;
				CLANG_WARN_UNREACHABLE_CODE = YES;
				CLANG_WARN__DUPLICATE_METHOD_MATCH = YES;
				CODE_SIGN_STYLE = Automatic;
				COMBINE_HIDPI_IMAGES = YES;
				COPY_PHASE_STRIP = NO;
				CURRENT_PROJECT_VERSION = 1;
				DEBUG_INFORMATION_FORMAT = dwarf;
				DEFINES_MODULE = YES;
				DEVELOPMENT_TEAM = 2DRJEDC79Z;
				DYLIB_COMPATIBILITY_VERSION = 1;
				DYLIB_CURRENT_VERSION = 1;
				DYLIB_INSTALL_NAME_BASE = "@rpath";
				ENABLE_STRICT_OBJC_MSGSEND = YES;
				ENABLE_TESTABILITY = YES;
				GCC_C_LANGUAGE_STANDARD = gnu11;
				GCC_DYNAMIC_NO_PIC = NO;
				GCC_NO_COMMON_BLOCKS = YES;
				GCC_OPTIMIZATION_LEVEL = 0;
				GCC_PREPROCESSOR_DEFINITIONS = (
					"DEBUG=1",
					"$(inherited)",
				);
				GCC_WARN_64_TO_32_BIT_CONVERSION = YES;
				GCC_WARN_ABOUT_RETURN_TYPE = YES_ERROR;
				GCC_WARN_UNDECLARED_SELECTOR = YES;
				GCC_WARN_UNINITIALIZED_AUTOS = YES_AGGRESSIVE;
				GCC_WARN_UNUSED_FUNCTION = YES;
				GCC_WARN_UNUSED_VARIABLE = YES;
				INFOPLIST_FILE = ECS/Info.plist;
				INSTALL_PATH = "$(LOCAL_LIBRARY_DIR)/Frameworks";
				LD_RUNPATH_SEARCH_PATHS = (
					"$(inherited)",
					"@executable_path/../Frameworks",
					"@loader_path/Frameworks",
				);
				MACOSX_DEPLOYMENT_TARGET = 10.15;
				MTL_ENABLE_DEBUG_INFO = INCLUDE_SOURCE;
				MTL_FAST_MATH = YES;
				ONLY_ACTIVE_ARCH = YES;
				PRODUCT_BUNDLE_IDENTIFIER = org.lionsoftware.lionengine.ECS;
				PRODUCT_NAME = "$(TARGET_NAME:c99extidentifier)";
				SDKROOT = macosx;
				SKIP_INSTALL = YES;
				SWIFT_ACTIVE_COMPILATION_CONDITIONS = DEBUG;
				SWIFT_OPTIMIZATION_LEVEL = "-Onone";
				SWIFT_VERSION = 5.0;
				VERSIONING_SYSTEM = "apple-generic";
				VERSION_INFO_PREFIX = "";
			};
			name = Debug;
		};
		F149B09823BC3100007AD7D7 /* Release */ = {
			isa = XCBuildConfiguration;
			baseConfigurationReference = 0B80BD4A3F0F242EB7945055 /* Pods-ECS.release.xcconfig */;
			buildSettings = {
				ALWAYS_SEARCH_USER_PATHS = NO;
				CLANG_ANALYZER_NONNULL = YES;
				CLANG_ANALYZER_NUMBER_OBJECT_CONVERSION = YES_AGGRESSIVE;
				CLANG_CXX_LANGUAGE_STANDARD = "gnu++14";
				CLANG_CXX_LIBRARY = "libc++";
				CLANG_ENABLE_MODULES = YES;
				CLANG_ENABLE_OBJC_ARC = YES;
				CLANG_ENABLE_OBJC_WEAK = YES;
				CLANG_WARN_BLOCK_CAPTURE_AUTORELEASING = YES;
				CLANG_WARN_BOOL_CONVERSION = YES;
				CLANG_WARN_COMMA = YES;
				CLANG_WARN_CONSTANT_CONVERSION = YES;
				CLANG_WARN_DEPRECATED_OBJC_IMPLEMENTATIONS = YES;
				CLANG_WARN_DIRECT_OBJC_ISA_USAGE = YES_ERROR;
				CLANG_WARN_DOCUMENTATION_COMMENTS = YES;
				CLANG_WARN_EMPTY_BODY = YES;
				CLANG_WARN_ENUM_CONVERSION = YES;
				CLANG_WARN_INFINITE_RECURSION = YES;
				CLANG_WARN_INT_CONVERSION = YES;
				CLANG_WARN_NON_LITERAL_NULL_CONVERSION = YES;
				CLANG_WARN_OBJC_IMPLICIT_RETAIN_SELF = YES;
				CLANG_WARN_OBJC_LITERAL_CONVERSION = YES;
				CLANG_WARN_OBJC_ROOT_CLASS = YES_ERROR;
				CLANG_WARN_RANGE_LOOP_ANALYSIS = YES;
				CLANG_WARN_STRICT_PROTOTYPES = YES;
				CLANG_WARN_SUSPICIOUS_MOVE = YES;
				CLANG_WARN_UNGUARDED_AVAILABILITY = YES_AGGRESSIVE;
				CLANG_WARN_UNREACHABLE_CODE = YES;
				CLANG_WARN__DUPLICATE_METHOD_MATCH = YES;
				CODE_SIGN_STYLE = Automatic;
				COMBINE_HIDPI_IMAGES = YES;
				COPY_PHASE_STRIP = NO;
				CURRENT_PROJECT_VERSION = 1;
				DEBUG_INFORMATION_FORMAT = "dwarf-with-dsym";
				DEFINES_MODULE = YES;
				DEVELOPMENT_TEAM = 2DRJEDC79Z;
				DYLIB_COMPATIBILITY_VERSION = 1;
				DYLIB_CURRENT_VERSION = 1;
				DYLIB_INSTALL_NAME_BASE = "@rpath";
				ENABLE_NS_ASSERTIONS = NO;
				ENABLE_STRICT_OBJC_MSGSEND = YES;
				GCC_C_LANGUAGE_STANDARD = gnu11;
				GCC_NO_COMMON_BLOCKS = YES;
				GCC_WARN_64_TO_32_BIT_CONVERSION = YES;
				GCC_WARN_ABOUT_RETURN_TYPE = YES_ERROR;
				GCC_WARN_UNDECLARED_SELECTOR = YES;
				GCC_WARN_UNINITIALIZED_AUTOS = YES_AGGRESSIVE;
				GCC_WARN_UNUSED_FUNCTION = YES;
				GCC_WARN_UNUSED_VARIABLE = YES;
				INFOPLIST_FILE = ECS/Info.plist;
				INSTALL_PATH = "$(LOCAL_LIBRARY_DIR)/Frameworks";
				LD_RUNPATH_SEARCH_PATHS = (
					"$(inherited)",
					"@executable_path/../Frameworks",
					"@loader_path/Frameworks",
				);
				MACOSX_DEPLOYMENT_TARGET = 10.15;
				MTL_ENABLE_DEBUG_INFO = NO;
				MTL_FAST_MATH = YES;
				PRODUCT_BUNDLE_IDENTIFIER = org.lionsoftware.lionengine.ECS;
				PRODUCT_NAME = "$(TARGET_NAME:c99extidentifier)";
				SDKROOT = macosx;
				SKIP_INSTALL = YES;
				SWIFT_COMPILATION_MODE = wholemodule;
				SWIFT_OPTIMIZATION_LEVEL = "-O";
				SWIFT_VERSION = 5.0;
				VERSIONING_SYSTEM = "apple-generic";
				VERSION_INFO_PREFIX = "";
			};
			name = Release;
		};
		F149B0A923BC3230007AD7D7 /* Debug */ = {
			isa = XCBuildConfiguration;
			baseConfigurationReference = FF46C007367B1636F53BCBB5 /* Pods-ECS-ECSTests.debug.xcconfig */;
			buildSettings = {
				ALWAYS_SEARCH_USER_PATHS = NO;
				CLANG_ANALYZER_NONNULL = YES;
				CLANG_ANALYZER_NUMBER_OBJECT_CONVERSION = YES_AGGRESSIVE;
				CLANG_CXX_LANGUAGE_STANDARD = "gnu++14";
				CLANG_CXX_LIBRARY = "libc++";
				CLANG_ENABLE_MODULES = YES;
				CLANG_ENABLE_OBJC_ARC = YES;
				CLANG_ENABLE_OBJC_WEAK = YES;
				CLANG_WARN_BLOCK_CAPTURE_AUTORELEASING = YES;
				CLANG_WARN_BOOL_CONVERSION = YES;
				CLANG_WARN_COMMA = YES;
				CLANG_WARN_CONSTANT_CONVERSION = YES;
				CLANG_WARN_DEPRECATED_OBJC_IMPLEMENTATIONS = YES;
				CLANG_WARN_DIRECT_OBJC_ISA_USAGE = YES_ERROR;
				CLANG_WARN_DOCUMENTATION_COMMENTS = YES;
				CLANG_WARN_EMPTY_BODY = YES;
				CLANG_WARN_ENUM_CONVERSION = YES;
				CLANG_WARN_INFINITE_RECURSION = YES;
				CLANG_WARN_INT_CONVERSION = YES;
				CLANG_WARN_NON_LITERAL_NULL_CONVERSION = YES;
				CLANG_WARN_OBJC_IMPLICIT_RETAIN_SELF = YES;
				CLANG_WARN_OBJC_LITERAL_CONVERSION = YES;
				CLANG_WARN_OBJC_ROOT_CLASS = YES_ERROR;
				CLANG_WARN_RANGE_LOOP_ANALYSIS = YES;
				CLANG_WARN_STRICT_PROTOTYPES = YES;
				CLANG_WARN_SUSPICIOUS_MOVE = YES;
				CLANG_WARN_UNGUARDED_AVAILABILITY = YES_AGGRESSIVE;
				CLANG_WARN_UNREACHABLE_CODE = YES;
				CLANG_WARN__DUPLICATE_METHOD_MATCH = YES;
				CODE_SIGN_STYLE = Automatic;
				COMBINE_HIDPI_IMAGES = YES;
				COPY_PHASE_STRIP = NO;
				DEBUG_INFORMATION_FORMAT = dwarf;
				DEVELOPMENT_TEAM = 2DRJEDC79Z;
				ENABLE_STRICT_OBJC_MSGSEND = YES;
				ENABLE_TESTABILITY = YES;
				GCC_C_LANGUAGE_STANDARD = gnu11;
				GCC_DYNAMIC_NO_PIC = NO;
				GCC_NO_COMMON_BLOCKS = YES;
				GCC_OPTIMIZATION_LEVEL = 0;
				GCC_PREPROCESSOR_DEFINITIONS = (
					"DEBUG=1",
					"$(inherited)",
				);
				GCC_WARN_64_TO_32_BIT_CONVERSION = YES;
				GCC_WARN_ABOUT_RETURN_TYPE = YES_ERROR;
				GCC_WARN_UNDECLARED_SELECTOR = YES;
				GCC_WARN_UNINITIALIZED_AUTOS = YES_AGGRESSIVE;
				GCC_WARN_UNUSED_FUNCTION = YES;
				GCC_WARN_UNUSED_VARIABLE = YES;
				INFOPLIST_FILE = ECSTests/Info.plist;
				LD_RUNPATH_SEARCH_PATHS = (
					"$(inherited)",
					"@executable_path/../Frameworks",
					"@loader_path/../Frameworks",
				);
				MACOSX_DEPLOYMENT_TARGET = 10.15;
				MTL_ENABLE_DEBUG_INFO = INCLUDE_SOURCE;
				MTL_FAST_MATH = YES;
				ONLY_ACTIVE_ARCH = YES;
				PRODUCT_BUNDLE_IDENTIFIER = org.lionsoftware.lionengine.ECSTests;
				PRODUCT_NAME = "$(TARGET_NAME)";
				SDKROOT = macosx;
				SWIFT_ACTIVE_COMPILATION_CONDITIONS = DEBUG;
				SWIFT_OPTIMIZATION_LEVEL = "-Onone";
				SWIFT_VERSION = 5.0;
			};
			name = Debug;
		};
		F149B0AA23BC3230007AD7D7 /* Release */ = {
			isa = XCBuildConfiguration;
			baseConfigurationReference = A6FB7D95C1C07EDC7E5CD52F /* Pods-ECS-ECSTests.release.xcconfig */;
			buildSettings = {
				ALWAYS_SEARCH_USER_PATHS = NO;
				CLANG_ANALYZER_NONNULL = YES;
				CLANG_ANALYZER_NUMBER_OBJECT_CONVERSION = YES_AGGRESSIVE;
				CLANG_CXX_LANGUAGE_STANDARD = "gnu++14";
				CLANG_CXX_LIBRARY = "libc++";
				CLANG_ENABLE_MODULES = YES;
				CLANG_ENABLE_OBJC_ARC = YES;
				CLANG_ENABLE_OBJC_WEAK = YES;
				CLANG_WARN_BLOCK_CAPTURE_AUTORELEASING = YES;
				CLANG_WARN_BOOL_CONVERSION = YES;
				CLANG_WARN_COMMA = YES;
				CLANG_WARN_CONSTANT_CONVERSION = YES;
				CLANG_WARN_DEPRECATED_OBJC_IMPLEMENTATIONS = YES;
				CLANG_WARN_DIRECT_OBJC_ISA_USAGE = YES_ERROR;
				CLANG_WARN_DOCUMENTATION_COMMENTS = YES;
				CLANG_WARN_EMPTY_BODY = YES;
				CLANG_WARN_ENUM_CONVERSION = YES;
				CLANG_WARN_INFINITE_RECURSION = YES;
				CLANG_WARN_INT_CONVERSION = YES;
				CLANG_WARN_NON_LITERAL_NULL_CONVERSION = YES;
				CLANG_WARN_OBJC_IMPLICIT_RETAIN_SELF = YES;
				CLANG_WARN_OBJC_LITERAL_CONVERSION = YES;
				CLANG_WARN_OBJC_ROOT_CLASS = YES_ERROR;
				CLANG_WARN_RANGE_LOOP_ANALYSIS = YES;
				CLANG_WARN_STRICT_PROTOTYPES = YES;
				CLANG_WARN_SUSPICIOUS_MOVE = YES;
				CLANG_WARN_UNGUARDED_AVAILABILITY = YES_AGGRESSIVE;
				CLANG_WARN_UNREACHABLE_CODE = YES;
				CLANG_WARN__DUPLICATE_METHOD_MATCH = YES;
				CODE_SIGN_STYLE = Automatic;
				COMBINE_HIDPI_IMAGES = YES;
				COPY_PHASE_STRIP = NO;
				DEBUG_INFORMATION_FORMAT = "dwarf-with-dsym";
				DEVELOPMENT_TEAM = 2DRJEDC79Z;
				ENABLE_NS_ASSERTIONS = NO;
				ENABLE_STRICT_OBJC_MSGSEND = YES;
				GCC_C_LANGUAGE_STANDARD = gnu11;
				GCC_NO_COMMON_BLOCKS = YES;
				GCC_WARN_64_TO_32_BIT_CONVERSION = YES;
				GCC_WARN_ABOUT_RETURN_TYPE = YES_ERROR;
				GCC_WARN_UNDECLARED_SELECTOR = YES;
				GCC_WARN_UNINITIALIZED_AUTOS = YES_AGGRESSIVE;
				GCC_WARN_UNUSED_FUNCTION = YES;
				GCC_WARN_UNUSED_VARIABLE = YES;
				INFOPLIST_FILE = ECSTests/Info.plist;
				LD_RUNPATH_SEARCH_PATHS = (
					"$(inherited)",
					"@executable_path/../Frameworks",
					"@loader_path/../Frameworks",
				);
				MACOSX_DEPLOYMENT_TARGET = 10.15;
				MTL_ENABLE_DEBUG_INFO = NO;
				MTL_FAST_MATH = YES;
				PRODUCT_BUNDLE_IDENTIFIER = org.lionsoftware.lionengine.ECSTests;
				PRODUCT_NAME = "$(TARGET_NAME)";
				SDKROOT = macosx;
				SWIFT_COMPILATION_MODE = wholemodule;
				SWIFT_OPTIMIZATION_LEVEL = "-O";
				SWIFT_VERSION = 5.0;
			};
			name = Release;
		};
		F149B0DE23BD46ED007AD7D7 /* Debug */ = {
			isa = XCBuildConfiguration;
			buildSettings = {
				ALWAYS_SEARCH_USER_PATHS = NO;
				ASSETCATALOG_COMPILER_APPICON_NAME = AppIcon;
				CLANG_ANALYZER_NONNULL = YES;
				CLANG_ANALYZER_NUMBER_OBJECT_CONVERSION = YES_AGGRESSIVE;
				CLANG_CXX_LANGUAGE_STANDARD = "gnu++14";
				CLANG_CXX_LIBRARY = "libc++";
				CLANG_ENABLE_MODULES = YES;
				CLANG_ENABLE_OBJC_ARC = YES;
				CLANG_ENABLE_OBJC_WEAK = YES;
				CLANG_WARN_BLOCK_CAPTURE_AUTORELEASING = YES;
				CLANG_WARN_BOOL_CONVERSION = YES;
				CLANG_WARN_COMMA = YES;
				CLANG_WARN_CONSTANT_CONVERSION = YES;
				CLANG_WARN_DEPRECATED_OBJC_IMPLEMENTATIONS = YES;
				CLANG_WARN_DIRECT_OBJC_ISA_USAGE = YES_ERROR;
				CLANG_WARN_DOCUMENTATION_COMMENTS = YES;
				CLANG_WARN_EMPTY_BODY = YES;
				CLANG_WARN_ENUM_CONVERSION = YES;
				CLANG_WARN_INFINITE_RECURSION = YES;
				CLANG_WARN_INT_CONVERSION = YES;
				CLANG_WARN_NON_LITERAL_NULL_CONVERSION = YES;
				CLANG_WARN_OBJC_IMPLICIT_RETAIN_SELF = YES;
				CLANG_WARN_OBJC_LITERAL_CONVERSION = YES;
				CLANG_WARN_OBJC_ROOT_CLASS = YES_ERROR;
				CLANG_WARN_RANGE_LOOP_ANALYSIS = YES;
				CLANG_WARN_STRICT_PROTOTYPES = YES;
				CLANG_WARN_SUSPICIOUS_MOVE = YES;
				CLANG_WARN_UNGUARDED_AVAILABILITY = YES_AGGRESSIVE;
				CLANG_WARN_UNREACHABLE_CODE = YES;
				CLANG_WARN__DUPLICATE_METHOD_MATCH = YES;
				CODE_SIGN_ENTITLEMENTS = Example/Example.entitlements;
				CODE_SIGN_STYLE = Automatic;
				COMBINE_HIDPI_IMAGES = YES;
				COPY_PHASE_STRIP = NO;
				DEBUG_INFORMATION_FORMAT = dwarf;
				DEVELOPMENT_ASSET_PATHS = "\"Example/Preview Content\"";
				DEVELOPMENT_TEAM = 2DRJEDC79Z;
				ENABLE_HARDENED_RUNTIME = YES;
				ENABLE_PREVIEWS = YES;
				ENABLE_STRICT_OBJC_MSGSEND = YES;
				ENABLE_TESTABILITY = YES;
				GCC_C_LANGUAGE_STANDARD = gnu11;
				GCC_DYNAMIC_NO_PIC = NO;
				GCC_NO_COMMON_BLOCKS = YES;
				GCC_OPTIMIZATION_LEVEL = 0;
				GCC_PREPROCESSOR_DEFINITIONS = (
					"DEBUG=1",
					"$(inherited)",
				);
				GCC_WARN_64_TO_32_BIT_CONVERSION = YES;
				GCC_WARN_ABOUT_RETURN_TYPE = YES_ERROR;
				GCC_WARN_UNDECLARED_SELECTOR = YES;
				GCC_WARN_UNINITIALIZED_AUTOS = YES_AGGRESSIVE;
				GCC_WARN_UNUSED_FUNCTION = YES;
				GCC_WARN_UNUSED_VARIABLE = YES;
				INFOPLIST_FILE = Example/Info.plist;
				LD_RUNPATH_SEARCH_PATHS = (
					"$(inherited)",
					"@executable_path/../Frameworks",
				);
				MACOSX_DEPLOYMENT_TARGET = 10.15;
				MTL_ENABLE_DEBUG_INFO = INCLUDE_SOURCE;
				MTL_FAST_MATH = YES;
				ONLY_ACTIVE_ARCH = YES;
				PRODUCT_BUNDLE_IDENTIFIER = org.lionsoftware.lionengine.Example;
				PRODUCT_NAME = "$(TARGET_NAME)";
				SDKROOT = macosx;
				SWIFT_ACTIVE_COMPILATION_CONDITIONS = DEBUG;
				SWIFT_OPTIMIZATION_LEVEL = "-Onone";
				SWIFT_VERSION = 5.0;
			};
			name = Debug;
		};
		F149B0DF23BD46ED007AD7D7 /* Release */ = {
			isa = XCBuildConfiguration;
			buildSettings = {
				ALWAYS_SEARCH_USER_PATHS = NO;
				ASSETCATALOG_COMPILER_APPICON_NAME = AppIcon;
				CLANG_ANALYZER_NONNULL = YES;
				CLANG_ANALYZER_NUMBER_OBJECT_CONVERSION = YES_AGGRESSIVE;
				CLANG_CXX_LANGUAGE_STANDARD = "gnu++14";
				CLANG_CXX_LIBRARY = "libc++";
				CLANG_ENABLE_MODULES = YES;
				CLANG_ENABLE_OBJC_ARC = YES;
				CLANG_ENABLE_OBJC_WEAK = YES;
				CLANG_WARN_BLOCK_CAPTURE_AUTORELEASING = YES;
				CLANG_WARN_BOOL_CONVERSION = YES;
				CLANG_WARN_COMMA = YES;
				CLANG_WARN_CONSTANT_CONVERSION = YES;
				CLANG_WARN_DEPRECATED_OBJC_IMPLEMENTATIONS = YES;
				CLANG_WARN_DIRECT_OBJC_ISA_USAGE = YES_ERROR;
				CLANG_WARN_DOCUMENTATION_COMMENTS = YES;
				CLANG_WARN_EMPTY_BODY = YES;
				CLANG_WARN_ENUM_CONVERSION = YES;
				CLANG_WARN_INFINITE_RECURSION = YES;
				CLANG_WARN_INT_CONVERSION = YES;
				CLANG_WARN_NON_LITERAL_NULL_CONVERSION = YES;
				CLANG_WARN_OBJC_IMPLICIT_RETAIN_SELF = YES;
				CLANG_WARN_OBJC_LITERAL_CONVERSION = YES;
				CLANG_WARN_OBJC_ROOT_CLASS = YES_ERROR;
				CLANG_WARN_RANGE_LOOP_ANALYSIS = YES;
				CLANG_WARN_STRICT_PROTOTYPES = YES;
				CLANG_WARN_SUSPICIOUS_MOVE = YES;
				CLANG_WARN_UNGUARDED_AVAILABILITY = YES_AGGRESSIVE;
				CLANG_WARN_UNREACHABLE_CODE = YES;
				CLANG_WARN__DUPLICATE_METHOD_MATCH = YES;
				CODE_SIGN_ENTITLEMENTS = Example/Example.entitlements;
				CODE_SIGN_STYLE = Automatic;
				COMBINE_HIDPI_IMAGES = YES;
				COPY_PHASE_STRIP = NO;
				DEBUG_INFORMATION_FORMAT = "dwarf-with-dsym";
				DEVELOPMENT_ASSET_PATHS = "\"Example/Preview Content\"";
				DEVELOPMENT_TEAM = 2DRJEDC79Z;
				ENABLE_HARDENED_RUNTIME = YES;
				ENABLE_NS_ASSERTIONS = NO;
				ENABLE_PREVIEWS = YES;
				ENABLE_STRICT_OBJC_MSGSEND = YES;
				GCC_C_LANGUAGE_STANDARD = gnu11;
				GCC_NO_COMMON_BLOCKS = YES;
				GCC_WARN_64_TO_32_BIT_CONVERSION = YES;
				GCC_WARN_ABOUT_RETURN_TYPE = YES_ERROR;
				GCC_WARN_UNDECLARED_SELECTOR = YES;
				GCC_WARN_UNINITIALIZED_AUTOS = YES_AGGRESSIVE;
				GCC_WARN_UNUSED_FUNCTION = YES;
				GCC_WARN_UNUSED_VARIABLE = YES;
				INFOPLIST_FILE = Example/Info.plist;
				LD_RUNPATH_SEARCH_PATHS = (
					"$(inherited)",
					"@executable_path/../Frameworks",
				);
				MACOSX_DEPLOYMENT_TARGET = 10.15;
				MTL_ENABLE_DEBUG_INFO = NO;
				MTL_FAST_MATH = YES;
				PRODUCT_BUNDLE_IDENTIFIER = org.lionsoftware.lionengine.Example;
				PRODUCT_NAME = "$(TARGET_NAME)";
				SDKROOT = macosx;
				SWIFT_COMPILATION_MODE = wholemodule;
				SWIFT_OPTIMIZATION_LEVEL = "-O";
				SWIFT_VERSION = 5.0;
			};
			name = Release;
		};
/* End XCBuildConfiguration section */

/* Begin XCConfigurationList section */
		F149B08923BC2E79007AD7D7 /* Build configuration list for PBXProject "LionEngine" */ = {
			isa = XCConfigurationList;
			buildConfigurations = (
				F149B08A23BC2E79007AD7D7 /* Debug */,
				F149B08B23BC2E79007AD7D7 /* Release */,
			);
			defaultConfigurationIsVisible = 0;
			defaultConfigurationName = Release;
		};
		F149B09923BC3100007AD7D7 /* Build configuration list for PBXNativeTarget "ECS" */ = {
			isa = XCConfigurationList;
			buildConfigurations = (
				F149B09723BC3100007AD7D7 /* Debug */,
				F149B09823BC3100007AD7D7 /* Release */,
			);
			defaultConfigurationIsVisible = 0;
			defaultConfigurationName = Release;
		};
		F149B0A823BC3230007AD7D7 /* Build configuration list for PBXNativeTarget "ECSTests" */ = {
			isa = XCConfigurationList;
			buildConfigurations = (
				F149B0A923BC3230007AD7D7 /* Debug */,
				F149B0AA23BC3230007AD7D7 /* Release */,
			);
			defaultConfigurationIsVisible = 0;
			defaultConfigurationName = Release;
		};
		F149B0DD23BD46ED007AD7D7 /* Build configuration list for PBXNativeTarget "Example" */ = {
			isa = XCConfigurationList;
			buildConfigurations = (
				F149B0DE23BD46ED007AD7D7 /* Debug */,
				F149B0DF23BD46ED007AD7D7 /* Release */,
			);
			defaultConfigurationIsVisible = 0;
			defaultConfigurationName = Release;
		};
/* End XCConfigurationList section */
	};
	rootObject = F149B08623BC2E79007AD7D7 /* Project object */;
}
